{
  "version": "5",
  "specifiers": {
    "jsr:@openai/openai@^5.12.0": "5.12.0",
    "jsr:@std/dotenv@~0.225.5": "0.225.5",
    "jsr:@std/encoding@^1.0.10": "1.0.10",
    "npm:@playwright/test@^1.54.2": "1.54.2",
    "npm:archiver@6.0.1": "6.0.1",
    "npm:is-url@^1.2.4": "1.2.4",
    "npm:node-fetch@^3.3.2": "3.3.2",
    "npm:playwright@^1.54.2": "1.54.2",
    "npm:wasm-vips@^0.0.14": "0.0.14",
    "npm:zod@3": "3.25.76"
  },
  "jsr": {
    "@openai/openai@5.12.0": {
      "integrity": "63823f5abf2100a78f312bc2cbc1ad9ea9d33c8864aacd7a09f5036d1be211c8",
      "dependencies": [
        "npm:zod"
      ]
    },
    "@std/dotenv@0.225.5": {
      "integrity": "9ce6f9d0ec3311f74a32535aa1b8c62ed88b1ab91b7f0815797d77a6f60c922f"
    },
    "@std/encoding@1.0.10": {
      "integrity": "8783c6384a2d13abd5e9e87a7ae0520a30e9f56aeeaa3bdf910a3eaaf5c811a1"
    }
  },
  "npm": {
    "@playwright/test@1.54.2": {
      "integrity": "sha512-A+znathYxPf+72riFd1r1ovOLqsIIB0jKIoPjyK2kqEIe30/6jF6BC7QNluHuwUmsD2tv1XZVugN8GqfTMOxsA==",
      "dependencies": [
        "playwright"
      ],
      "bin": true
    },
    "archiver-utils@4.0.1": {
      "integrity": "sha512-Q4Q99idbvzmgCTEAAhi32BkOyq8iVI5EwdO0PmBDSGIzzjYNdcFn7Q7k3OzbLy4kLUPXfJtG6fO2RjftXbobBg==",
      "dependencies": [
        "glob",
        "graceful-fs",
        "lazystream",
        "lodash",
        "normalize-path",
        "readable-stream@3.6.2"
      ]
    },
    "archiver@6.0.1": {
      "integrity": "sha512-CXGy4poOLBKptiZH//VlWdFuUC1RESbdZjGjILwBuZ73P7WkAUN0htfSfBq/7k6FRFlpu7bg4JOkj1vU9G6jcQ==",
      "dependencies": [
        "archiver-utils",
        "async",
        "buffer-crc32",
        "readable-stream@3.6.2",
        "readdir-glob",
        "tar-stream",
        "zip-stream"
      ]
    },
    "async@3.2.6": {
      "integrity": "sha512-htCUDlxyyCLMgaM3xXg0C0LW2xqfuQ6p05pCEIsXuyQ+a1koYKTuBMzRNwmybfLgvJDMd0r1LTn4+E0Ti6C2AA=="
    },
    "b4a@1.6.7": {
      "integrity": "sha512-OnAYlL5b7LEkALw87fUVafQw5rVR9RjwGd4KUwNQ6DrrNmaVaUCgLipfVlzrPQ4tWOR9P0IXGNOx50jYCCdSJg=="
    },
    "balanced-match@1.0.2": {
      "integrity": "sha512-3oSeUO0TMV67hN1AmbXsK4yaqU7tjiHlbxRDZOpH0KW9+CeX4bRAaX0Anxt0tx2MrpRpWwQaPwIlISEJhYU5Pw=="
    },
    "bare-events@2.6.0": {
      "integrity": "sha512-EKZ5BTXYExaNqi3I3f9RtEsaI/xBSGjE0XZCZilPzFAV/goswFHuPd9jEZlPIZ/iNZJwDSao9qRiScySz7MbQg=="
    },
    "brace-expansion@2.0.2": {
      "integrity": "sha512-Jt0vHyM+jmUBqojB7E1NIYadt0vI0Qxjxd2TErW94wDz+E2LAm5vKMXXwg6ZZBTHPuUlDgQHKXvjGBdfcF1ZDQ==",
      "dependencies": [
        "balanced-match"
      ]
    },
    "buffer-crc32@0.2.13": {
      "integrity": "sha512-VO9Ht/+p3SN7SKWqcrgEzjGbRSJYTx+Q1pTQC0wrWqHx0vpJraQ6GtHx8tvcg1rlK1byhU5gccxgOgj7B0TDkQ=="
    },
    "compress-commons@5.0.3": {
      "integrity": "sha512-/UIcLWvwAQyVibgpQDPtfNM3SvqN7G9elAPAV7GM0L53EbNWwWiCsWtK8Fwed/APEbptPHXs5PuW+y8Bq8lFTA==",
      "dependencies": [
        "crc-32",
        "crc32-stream",
        "normalize-path",
        "readable-stream@3.6.2"
      ]
    },
    "core-util-is@1.0.3": {
      "integrity": "sha512-ZQBvi1DcpJ4GDqanjucZ2Hj3wEO5pZDS89BWbkcrvdxksJorwUDDZamX9ldFkp9aw2lmBDLgkObEA4DWNJ9FYQ=="
    },
    "crc-32@1.2.2": {
      "integrity": "sha512-ROmzCKrTnOwybPcJApAA6WBWij23HVfGVNKqqrZpuyZOHqK2CwHSvpGuyt/UNNvaIjEd8X5IFGp4Mh+Ie1IHJQ==",
      "bin": true
    },
    "crc32-stream@5.0.1": {
      "integrity": "sha512-lO1dFui+CEUh/ztYIpgpKItKW9Bb4NWakCRJrnqAbFIYD+OZAwb2VfD5T5eXMw2FNcsDHkQcNl/Wh3iVXYwU6g==",
      "dependencies": [
        "crc-32",
        "readable-stream@3.6.2"
      ]
    },
    "data-uri-to-buffer@4.0.1": {
      "integrity": "sha512-0R9ikRb668HB7QDxT1vkpuUBtqc53YyAwMwGeUFKRojY/NWKvdZ+9UYtRfGmhqNbRkTSVpMbmyhXipFFv2cb/A=="
    },
    "fast-fifo@1.3.2": {
      "integrity": "sha512-/d9sfos4yxzpwkDkuN7k2SqFKtYNmCTzgfEpz82x34IM9/zc8KGxQoXg1liNC/izpRM/MBdt44Nmx41ZWqk+FQ=="
    },
    "fetch-blob@3.2.0": {
      "integrity": "sha512-7yAQpD2UMJzLi1Dqv7qFYnPbaPx7ZfFK6PiIxQ4PfkGPyNyl2Ugx+a/umUonmKqjhM4DnfbMvdX6otXq83soQQ==",
      "dependencies": [
        "node-domexception",
        "web-streams-polyfill"
      ]
    },
    "formdata-polyfill@4.0.10": {
      "integrity": "sha512-buewHzMvYL29jdeQTVILecSaZKnt/RJWjoZCF5OW60Z67/GmSLBkOFM7qh1PI3zFNtJbaZL5eQu1vLfazOwj4g==",
      "dependencies": [
        "fetch-blob"
      ]
    },
    "fs.realpath@1.0.0": {
      "integrity": "sha512-OO0pH2lK6a0hZnAdau5ItzHPI6pUlvI7jMVnxUQRtw4owF2wk8lOSabtGDCTP4Ggrg2MbGnWO9X8K1t4+fGMDw=="
    },
    "fsevents@2.3.2": {
      "integrity": "sha512-xiqMQR4xAeHTuB9uWm+fFRcIOgKBMiOBP+eXiyT7jsgVCq1bkVygt00oASowB7EdtpOHaaPgKt812P9ab+DDKA==",
      "os": ["darwin"],
      "scripts": true
    },
    "glob@8.1.0": {
      "integrity": "sha512-r8hpEjiQEYlF2QU0df3dS+nxxSIreXQS1qRhMJM0Q5NDdR386C7jb7Hwwod8Fgiuex+k0GFjgft18yvxm5XoCQ==",
      "dependencies": [
        "fs.realpath",
        "inflight",
        "inherits",
        "minimatch",
        "once"
      ],
      "deprecated": true
    },
    "graceful-fs@4.2.11": {
      "integrity": "sha512-RbJ5/jmFcNNCcDV5o9eTnBLJ/HszWV0P73bc+Ff4nS/rJj+YaS6IGyiOL0VoBYX+l1Wrl3k63h/KrH+nhJ0XvQ=="
    },
    "inflight@1.0.6": {
      "integrity": "sha512-k92I/b08q4wvFscXCLvqfsHCrjrF7yiXsQuIVvVE7N82W3+aqpzuUdBbfhWcy/FZR3/4IgflMgKLOsvPDrGCJA==",
      "dependencies": [
        "once",
        "wrappy"
      ],
      "deprecated": true
    },
    "inherits@2.0.4": {
      "integrity": "sha512-k/vGaX4/Yla3WzyMCvTQOXYeIHvqOKtnqBduzTHpzpQZzAskKMhZ2K+EnBiSM9zGSoIFeMpXKxa4dYeZIQqewQ=="
    },
    "is-url@1.2.4": {
      "integrity": "sha512-ITvGim8FhRiYe4IQ5uHSkj7pVaPDrCTkNd3yq3cV7iZAcJdHTUMPMEHcqSOy9xZ9qFenQCvi+2wjH9a1nXqHww=="
    },
    "isarray@1.0.0": {
      "integrity": "sha512-VLghIWNM6ELQzo7zwmcg0NmTVyWKYjvIeM83yjp0wRDTmUnrM678fQbcKBo6n2CJEF0szoG//ytg+TKla89ALQ=="
    },
    "lazystream@1.0.1": {
      "integrity": "sha512-b94GiNHQNy6JNTrt5w6zNyffMrNkXZb3KTkCZJb2V1xaEGCk093vkZ2jk3tpaeP33/OiXC+WvK9AxUebnf5nbw==",
      "dependencies": [
        "readable-stream@2.3.8"
      ]
    },
    "lodash@4.17.21": {
      "integrity": "sha512-v2kDEe57lecTulaDIuNTPy3Ry4gLGJ6Z1O3vE1krgXZNrsQ+LFTGHVxVjcXPs17LhbZVGedAJv8XZ1tvj5FvSg=="
    },
    "minimatch@5.1.6": {
      "integrity": "sha512-lKwV/1brpG6mBUFHtb7NUmtABCb2WZZmm2wNiOA5hAb8VdCS4B3dtMWyvcoViccwAW/COERjXLt0zP1zXUN26g==",
      "dependencies": [
        "brace-expansion"
      ]
    },
    "node-domexception@1.0.0": {
      "integrity": "sha512-/jKZoMpw0F8GRwl4/eLROPA3cfcXtLApP0QzLmUT/HuPCZWyB7IY9ZrMeKw2O/nFIqPQB3PVM9aYm0F312AXDQ==",
      "deprecated": true
    },
    "node-fetch@3.3.2": {
      "integrity": "sha512-dRB78srN/l6gqWulah9SrxeYnxeddIG30+GOqK/9OlLVyLg3HPnr6SqOWTWOXKRwC2eGYCkZ59NNuSgvSrpgOA==",
      "dependencies": [
        "data-uri-to-buffer",
        "fetch-blob",
        "formdata-polyfill"
      ]
    },
    "normalize-path@3.0.0": {
      "integrity": "sha512-6eZs5Ls3WtCisHWp9S2GUy8dqkpGi4BVSz3GaqiE6ezub0512ESztXUwUB6C6IKbQkY2Pnb/mD4WYojCRwcwLA=="
    },
    "once@1.4.0": {
      "integrity": "sha512-lNaJgI+2Q5URQBkccEKHTQOPaXdUxnZZElQTZY0MFUAuaEqe1E+Nyvgdz/aIyNi6Z9MzO5dv1H8n58/GELp3+w==",
      "dependencies": [
        "wrappy"
      ]
    },
    "playwright-core@1.54.2": {
      "integrity": "sha512-n5r4HFbMmWsB4twG7tJLDN9gmBUeSPcsBZiWSE4DnYz9mJMAFqr2ID7+eGC9kpEnxExJ1epttwR59LEWCk8mtA==",
      "bin": true
    },
    "playwright@1.54.2": {
      "integrity": "sha512-Hu/BMoA1NAdRUuulyvQC0pEqZ4vQbGfn8f7wPXcnqQmM+zct9UliKxsIkLNmz/ku7LElUNqmaiv1TG/aL5ACsw==",
      "dependencies": [
        "playwright-core"
      ],
      "optionalDependencies": [
        "fsevents"
      ],
      "bin": true
    },
    "process-nextick-args@2.0.1": {
      "integrity": "sha512-3ouUOpQhtgrbOa17J7+uxOTpITYWaGP7/AhoR3+A+/1e9skrzelGi/dXzEYyvbxubEF6Wn2ypscTKiKJFFn1ag=="
    },
    "readable-stream@2.3.8": {
      "integrity": "sha512-8p0AUk4XODgIewSi0l8Epjs+EVnWiK7NoDIEGU0HhE7+ZyY8D1IMY7odu5lRrFXGg71L15KG8QrPmum45RTtdA==",
      "dependencies": [
        "core-util-is",
        "inherits",
        "isarray",
        "process-nextick-args",
        "safe-buffer@5.1.2",
        "string_decoder@1.1.1",
        "util-deprecate"
      ]
    },
    "readable-stream@3.6.2": {
      "integrity": "sha512-9u/sniCrY3D5WdsERHzHE4G2YCXqoG5FTHUiCC4SIbr6XcLZBY05ya9EKjYek9O5xOAwjGq+1JdGBAS7Q9ScoA==",
      "dependencies": [
        "inherits",
        "string_decoder@1.3.0",
        "util-deprecate"
      ]
    },
    "readdir-glob@1.1.3": {
      "integrity": "sha512-v05I2k7xN8zXvPD9N+z/uhXPaj0sUFCe2rcWZIpBsqxfP7xXFQ0tipAd/wjj1YxWyWtUS5IDJpOG82JKt2EAVA==",
      "dependencies": [
        "minimatch"
      ]
    },
    "safe-buffer@5.1.2": {
      "integrity": "sha512-Gd2UZBJDkXlY7GbJxfsE8/nvKkUEU1G38c1siN6QP6a9PT9MmHB8GnpscSmMJSoF8LOIrt8ud/wPtojys4G6+g=="
    },
    "safe-buffer@5.2.1": {
      "integrity": "sha512-rp3So07KcdmmKbGvgaNxQSJr7bGVSVk5S9Eq1F+ppbRo70+YeaDxkw5Dd8NPN+GD6bjnYm2VuPuCXmpuYvmCXQ=="
    },
    "streamx@2.22.1": {
      "integrity": "sha512-znKXEBxfatz2GBNK02kRnCXjV+AA4kjZIUxeWSr3UGirZMJfTE9uiwKHobnbgxWyL/JWro8tTq+vOqAK1/qbSA==",
      "dependencies": [
        "fast-fifo",
        "text-decoder"
      ],
      "optionalDependencies": [
        "bare-events"
      ]
    },
    "string_decoder@1.1.1": {
      "integrity": "sha512-n/ShnvDi6FHbbVfviro+WojiFzv+s8MPMHBczVePfUpDJLwoLT0ht1l4YwBCbi8pJAveEEdnkHyPyTP/mzRfwg==",
      "dependencies": [
        "safe-buffer@5.1.2"
      ]
    },
    "string_decoder@1.3.0": {
      "integrity": "sha512-hkRX8U1WjJFd8LsDJ2yQ/wWWxaopEsABU1XfkM8A+j0+85JAGppt16cr1Whg6KIbb4okU6Mql6BOj+uup/wKeA==",
      "dependencies": [
        "safe-buffer@5.2.1"
      ]
    },
    "tar-stream@3.1.7": {
      "integrity": "sha512-qJj60CXt7IU1Ffyc3NJMjh6EkuCFej46zUqJ4J7pqYlThyd9bO0XBTmcOIhSzZJVWfsLks0+nle/j538YAW9RQ==",
      "dependencies": [
        "b4a",
        "fast-fifo",
        "streamx"
      ]
    },
    "text-decoder@1.2.3": {
      "integrity": "sha512-3/o9z3X0X0fTupwsYvR03pJ/DjWuqqrfwBgTQzdWDiQSm9KitAyz/9WqsT2JQW7KV2m+bC2ol/zqpW37NHxLaA==",
      "dependencies": [
        "b4a"
      ]
    },
    "util-deprecate@1.0.2": {
      "integrity": "sha512-EPD5q1uXyFxJpCrLnCc1nHnq3gOa6DZBocAIiI2TaSCA7VCJ1UJDMagCzIkXNsUYfD1daK//LTEQ8xiIbrHtcw=="
    },
    "wasm-vips@0.0.14": {
      "integrity": "sha512-kgcaEp6oK8/dHyyL323rG7GNjSSL4jY+1eDA7yEK+6RpcVKH0q2tdtVRZBXt90Khz2Xo8OnLLN3pSHvSknDrHQ=="
    },
    "web-streams-polyfill@3.3.3": {
      "integrity": "sha512-d2JWLCivmZYTSIoge9MsgFCZrt571BikcWGYkjC1khllbTeDlGqZ2D8vD8E/lJa8WGWbb7Plm8/XJYV7IJHZZw=="
    },
    "wrappy@1.0.2": {
      "integrity": "sha512-l4Sp/DRseor9wL6EvV2+TuQn63dMkPjZ/sp9XkghTEbV9KlPS1xUsZ3u7/IQO4wxtcFB4bgpQPRcR3QCvezPcQ=="
    },
    "zip-stream@5.0.2": {
      "integrity": "sha512-LfOdrUvPB8ZoXtvOBz6DlNClfvi//b5d56mSWyJi7XbH/HfhOHfUhOqxhT/rUiR7yiktlunqRo+jY6y/cWC/5g==",
      "dependencies": [
        "archiver-utils",
        "compress-commons",
        "readable-stream@3.6.2"
      ]
    },
    "zod@3.25.76": {
      "integrity": "sha512-gzUt/qt81nXsFGKIFcC3YnfEAx5NkunCfnDlvuBSSFS02bcXu4Lmea0AFIUwbLWxWPx3d9p8S5QoaujKcNQxcQ=="
    }
  },
  "redirects": {
    "https://esm.sh/@lit/reactive-element@^2.0.4?target=denonext": "https://esm.sh/@lit/reactive-element@2.1.1?target=denonext",
    "https://esm.sh/@lit/reactive-element@^2.1.0?target=denonext": "https://esm.sh/@lit/reactive-element@2.1.1?target=denonext",
    "https://esm.sh/@types/capitalize@~2.0.2/index.d.ts": "https://esm.sh/@types/capitalize@2.0.2/index.d.ts",
    "https://esm.sh/@types/exif@~0.6.5/index.d.ts": "https://esm.sh/@types/exif@0.6.5/index.d.ts",
    "https://esm.sh/@types/js-beautify@~1.14.3/index.d.ts": "https://esm.sh/@types/js-beautify@1.14.3/index.d.ts",
    "https://esm.sh/@types/linkify-it@~5.0.0/index.d.ts": "https://esm.sh/@types/linkify-it@5.0.0/index.d.ts",
    "https://esm.sh/@types/markdown-it@~14.0.1/index.d.ts": "https://esm.sh/@types/markdown-it@14.0.1/index.d.ts",
    "https://esm.sh/@types/mdurl@~2.0.0/index.d.ts": "https://esm.sh/@types/mdurl@2.0.0/index.d.ts",
    "https://esm.sh/data-uri-to-buffer@^4.0.0?target=denonext": "https://esm.sh/data-uri-to-buffer@4.0.1?target=denonext",
    "https://esm.sh/debug@^2.2?target=denonext": "https://esm.sh/debug@2.6.9?target=denonext",
    "https://esm.sh/entities@^4.4.0?target=denonext": "https://esm.sh/entities@4.5.0?target=denonext",
    "https://esm.sh/fetch-blob@^3.1.2/file?target=denonext": "https://esm.sh/fetch-blob@3.2.0/file?target=denonext",
    "https://esm.sh/fetch-blob@^3.1.2?target=denonext": "https://esm.sh/fetch-blob@3.2.0?target=denonext",
    "https://esm.sh/fetch-blob@^3.1.4/from?target=denonext": "https://esm.sh/fetch-blob@3.2.0/from?target=denonext",
    "https://esm.sh/fetch-blob@^3.1.4?target=denonext": "https://esm.sh/fetch-blob@3.2.0?target=denonext",
    "https://esm.sh/formdata-polyfill@^4.0.10/esm.min?target=denonext": "https://esm.sh/formdata-polyfill@4.0.10/esm.min?target=denonext",
    "https://esm.sh/linkify-it@^5.0.0?target=denonext": "https://esm.sh/linkify-it@5.0.0?target=denonext",
    "https://esm.sh/lit-element@^4.1.0/lit-element?target=denonext": "https://esm.sh/lit-element@4.2.1/lit-element?target=denonext",
    "https://esm.sh/lit-html@^3.2.0/is-server?target=denonext": "https://esm.sh/lit-html@3.3.1/is-server?target=denonext",
    "https://esm.sh/lit-html@^3.2.0?target=denonext": "https://esm.sh/lit-html@3.3.1?target=denonext",
    "https://esm.sh/lit-html@^3.3.0?target=denonext": "https://esm.sh/lit-html@3.3.1?target=denonext",
    "https://esm.sh/mdurl@^2.0.0?target=denonext": "https://esm.sh/mdurl@2.0.0?target=denonext",
    "https://esm.sh/node-domexception@^1.0.0?target=denonext": "https://esm.sh/node-domexception@1.0.0?target=denonext",
    "https://esm.sh/punycode.js@^2.3.1?target=denonext": "https://esm.sh/punycode.js@2.3.1?target=denonext",
    "https://esm.sh/uc.micro@^2.0.0?target=denonext": "https://esm.sh/uc.micro@2.1.0?target=denonext",
    "https://esm.sh/use-isomorphic-layout-effect@^1.1.2?external=react&target=denonext": "https://esm.sh/use-isomorphic-layout-effect@1.2.1?external=react&target=denonext",
    "https://esm.sh/use-sync-external-store@^1.2.0/shim/with-selector?external=react&target=denonext": "https://esm.sh/use-sync-external-store@1.5.0/shim/with-selector?external=react&target=denonext",
    "https://esm.sh/use-sync-external-store@^1.2.0/shim?external=react&target=denonext": "https://esm.sh/use-sync-external-store@1.5.0/shim?external=react&target=denonext",
    "https://esm.sh/web-streams-polyfill@^3.0.3/dist/ponyfill.es2018?target=denonext": "https://esm.sh/web-streams-polyfill@3.3.3/dist/ponyfill.es2018?target=denonext"
  },
  "remote": {
    "https://deno.land/std@0.210.0/dotenv/mod.ts": "55d51d0c244da70e10ccbbdb68644064ce19c8af1683289d16ac802ceef64c8c",
    "https://deno.land/std@0.210.0/dotenv/parse.ts": "d76ff5a59bd7c374a40249dc28bd15c740da0428559c838b1ea5644f561bff20",
    "https://deno.land/std@0.210.0/dotenv/stringify.ts": "df8c503a9d46c567f1daa6554211dcfbe05179f9b3ca3d9adc9d92a14987442e",
    "https://deno.land/std@0.210.0/encoding/_util.ts": "f368920189c4fe6592ab2e93bd7ded8f3065b84f95cd3e036a4a10a75649dcba",
    "https://deno.land/std@0.210.0/encoding/base64.ts": "cdc3810253462ccc7b2818429c1613e581f7999ff1ff5b0a6854e0cc38caffeb",
    "https://deno.land/x/openai@v4.24.1/_shims/MultipartBody.ts": "fe06a56b54ae358c9cf99823096e34b36795fdba2e17513f0e9539210edd797d",
    "https://deno.land/x/openai@v4.24.1/_shims/mod.ts": "df7a905c0bd873d3dab745b9c63403594b1804131b5f533e1e72a2f2747cba74",
    "https://deno.land/x/openai@v4.24.1/core.ts": "f63dd18846582debcbf9834b944f1a65c879b6f9624466d97198291dc0915400",
    "https://deno.land/x/openai@v4.24.1/error.ts": "82962c51d5894159afc3351e31133eacad9405674ea03c8ccd5ce071b88d5ebf",
    "https://deno.land/x/openai@v4.24.1/lib/AbstractChatCompletionRunner.ts": "0b2442b11f59559f1e8d67b2083dd948a7e9d1b7163de968dd290255c19242ce",
    "https://deno.land/x/openai@v4.24.1/lib/ChatCompletionRunner.ts": "0d1cc40d99cd64b7d573ab95f9cb75750f24f9829da91e12573122842985a2d0",
    "https://deno.land/x/openai@v4.24.1/lib/ChatCompletionStream.ts": "c7a6fa2e25819ff85ef5eb2ad1c912d19615cf8550129151837bc0cc31f31e77",
    "https://deno.land/x/openai@v4.24.1/lib/ChatCompletionStreamingRunner.ts": "9bcaae3760dd5f9b54d5d4b2ba79b8731bb3dc79214c26e5d0bbdfe809747dd2",
    "https://deno.land/x/openai@v4.24.1/lib/RunnableFunction.ts": "f45a16776de983da6b65e5748eb2c581b6ea9d3849bda0026f24659cf0be2d2c",
    "https://deno.land/x/openai@v4.24.1/lib/chatCompletionUtils.ts": "4991d3e698a54f8e4273eb0f1d73851f7ba549a0a32fabbcd739627677003cb9",
    "https://deno.land/x/openai@v4.24.1/lib/jsonschema.ts": "ed31a7861e19e505c43aa7612579b2739243ee8e8dd47ccb5f8908fa5ff3b5f0",
    "https://deno.land/x/openai@v4.24.1/mod.ts": "d4e7be3173ac239231d40b32c94fad4bc620f83676f672d441252daa02b06d8f",
    "https://deno.land/x/openai@v4.24.1/pagination.ts": "43a99777ce4e7c51ab2718d709e9f5acfbf5a21d3b17de5a53bb6a74923bf410",
    "https://deno.land/x/openai@v4.24.1/resource.ts": "ab3af12d680ecd58fad8f1ff5cd64b48314155bfbd1c4498d1cadd914f8a1316",
    "https://deno.land/x/openai@v4.24.1/resources/audio/audio.ts": "5e29281f42c8938e9ae93284fc360b4d7fa9c21cd79fe03a48e98e8b317edab0",
    "https://deno.land/x/openai@v4.24.1/resources/audio/speech.ts": "0a559eacfa16a3b69d96cd1ef8f6dad903ba28cf031f641ae2bfd4238e104352",
    "https://deno.land/x/openai@v4.24.1/resources/audio/transcriptions.ts": "3b6881e3c4ab19a0946f7bc5f91c2e64eefcf8e37fd715ab464d0dc27590df1c",
    "https://deno.land/x/openai@v4.24.1/resources/audio/translations.ts": "9785bc24a8a555e06898a029f943169934f15051862cf7e824f32defdc19d485",
    "https://deno.land/x/openai@v4.24.1/resources/beta/assistants/assistants.ts": "e53e8edb16a1c794a84148a140ddf7e64f0d8c09f557e3925e0ce4972885f7be",
    "https://deno.land/x/openai@v4.24.1/resources/beta/assistants/files.ts": "a923a0ae4f8f7a2953709ba97e7849e212c62571fd6075670ee695b5ed6eb117",
    "https://deno.land/x/openai@v4.24.1/resources/beta/beta.ts": "fbcb0b5065cd8093173544282a9208e6f6b89f66b5dbe62c420cd3ad5fa6aff8",
    "https://deno.land/x/openai@v4.24.1/resources/beta/chat/chat.ts": "27c8bfae3bd25d2c7a76e61af3bb63dbf39406ee826282fb1f1502bd5b577cd3",
    "https://deno.land/x/openai@v4.24.1/resources/beta/chat/completions.ts": "e7d1937f3c60fd04381f0104f640eb69c9371a42153e0583da4638a8b5b15c6a",
    "https://deno.land/x/openai@v4.24.1/resources/beta/threads/messages/files.ts": "bd50ec629f6216944a42455ea5f9ec992885df346637f46ede3a4c71fb04246f",
    "https://deno.land/x/openai@v4.24.1/resources/beta/threads/messages/messages.ts": "34ac0d56bf22a5fe6d7853d8c921b81f35817dc76ce7875f7763101bd7449544",
    "https://deno.land/x/openai@v4.24.1/resources/beta/threads/runs/runs.ts": "67cd41f5cbbdc6b6344886219ed881498c9a2d67ee9551ba5675560afe67d0e9",
    "https://deno.land/x/openai@v4.24.1/resources/beta/threads/runs/steps.ts": "74cab30e50485eb1a14c6a4430ed4e9976115c06f09ffff009d8b0818849d7d1",
    "https://deno.land/x/openai@v4.24.1/resources/beta/threads/threads.ts": "c38ee69e89a6ca36de824fd4b6997c77ac603aa928ffb97ea3e3614a12e34ee4",
    "https://deno.land/x/openai@v4.24.1/resources/chat/chat.ts": "f620f47df83efa5d32520c894223133a3f94e0358462b7937df45f1a588e3960",
    "https://deno.land/x/openai@v4.24.1/resources/chat/completions.ts": "4904cfef68848f9e182fdce5c6a6d2d8de122cd0bec3f326db99f6fe67183a79",
    "https://deno.land/x/openai@v4.24.1/resources/chat/mod.ts": "220d4b7ae6c7b901594371308b2f397fe1d736ae039b6e400cbdad843c791fc4",
    "https://deno.land/x/openai@v4.24.1/resources/completions.ts": "4cbcbceb2c7f5bc5f9ac39698ca62cad2a2127efaad0d50ee04aff06d3fdb79e",
    "https://deno.land/x/openai@v4.24.1/resources/edits.ts": "847a392dfe2d6a3614a20f46e013acaeb06e69de40a4106b012cb99f02fcfc23",
    "https://deno.land/x/openai@v4.24.1/resources/embeddings.ts": "f607d76d445c6314e43a6816ab7a5e39e1ef33efdbc0ae1c1b5313e4cede9866",
    "https://deno.land/x/openai@v4.24.1/resources/files.ts": "16c77abc27196a66692b1b1b34f424b56174d77859d9d9206c8f7827ae4448be",
    "https://deno.land/x/openai@v4.24.1/resources/fine-tunes.ts": "d4b7f4d758b0bfe6e5350d58ebe57150aa3426dc5143ec5815b4e231adffff0f",
    "https://deno.land/x/openai@v4.24.1/resources/fine-tuning/fine-tuning.ts": "c6021ccd5d6f062e6d6178882fba60fdfe51d5f54a0fd45a62d0823b21ca3314",
    "https://deno.land/x/openai@v4.24.1/resources/fine-tuning/jobs.ts": "9a619aa3f433ab24f8847129329e3d6105f4f59d4a02853e40097c1c423dcbff",
    "https://deno.land/x/openai@v4.24.1/resources/images.ts": "ac7153dd8bb7bdc93efb2ad2868a7acca5688f942936988273e23378a660a345",
    "https://deno.land/x/openai@v4.24.1/resources/mod.ts": "a2217f5ca1dfb6d64f752c673ac0348e85808cf956616571b203365ffe8e002d",
    "https://deno.land/x/openai@v4.24.1/resources/models.ts": "83f81fc5075a6ac2cdb6515014b7e9ce0d311f698ea416e8bf305573786ea809",
    "https://deno.land/x/openai@v4.24.1/resources/moderations.ts": "e3ebf9638af6c18e9a9ea875d1397580a501890ed9bd6710b2248a1b21bec30a",
    "https://deno.land/x/openai@v4.24.1/resources/shared.ts": "919082a633e2b16e9d83fd5e9af3b26af3dc24bbadf2e20c2862226b833de414",
    "https://deno.land/x/openai@v4.24.1/streaming.ts": "f360cf909b07562330ca75470ae26eecdc35f176af424b0f74ab673a5b242782",
    "https://deno.land/x/openai@v4.24.1/uploads.ts": "96dbd9e7e7b5a9bc3ff38e81f6c1372c2cdce28b38c704cd61c7daeb5494b6f9",
    "https://deno.land/x/openai@v4.24.1/version.ts": "22ce71a7c8cb942f16a2d3128b9f508a7018c05b9d6a483f9b7a33df5d2f7c12",
    "https://esm.sh/@lit/reactive-element@2.1.1/denonext/css-tag.mjs": "237c3894a99c57733f380af0dbb14dd3833889bb8df5465a3973b6eb3997a602",
    "https://esm.sh/@lit/reactive-element@2.1.1/denonext/reactive-element.mjs": "61c79e1858471934f822f9da4ed64ff1236c58c9d09a4a45c636f620ccd05319",
    "https://esm.sh/@lit/reactive-element@2.1.1?target=denonext": "46bec40b7b763bdd0e4850bca835f7366d934603ce5b5b6fb9fd85f73410eb10",
    "https://esm.sh/@xstate/react@5.0.2/X-ZXJlYWN0LHhzdGF0ZQ/denonext/react.mjs": "c8c4b9f6058827d2f83057c98fce42f1e79f9e95f34a5985605beb70aa3e6146",
    "https://esm.sh/@xstate/react@5.0.2?external=react,xstate": "9a713c12f1e0a78fb817cae17f3646df96ea1ec09e538ba5cac4e9c6e207ae7f",
    "https://esm.sh/capitalize@2.0.4": "1561fd1c5ede40a3202eb229bb5b755ddd5d2c2ed60f36a70c4f0b0637ed854f",
    "https://esm.sh/capitalize@2.0.4/denonext/capitalize.mjs": "b3c25ba3560bccbe2eccba82bac6529ddc8350c679772413275aec03ea15d37c",
    "https://esm.sh/chalk@5.3.0": "a1983305760ba4818c8b04f9c5ca0f742050e6c4c8dd1f0f7c1f52b5f499e4fc",
    "https://esm.sh/chalk@5.3.0/denonext/chalk.mjs": "98a143ffd5475528ca995373f68c67d7007ad8367873ff1109ed7bfebf6fdb46",
    "https://esm.sh/data-uri-to-buffer@4.0.1/denonext/data-uri-to-buffer.mjs": "04933ecbd4ee16af41b8077dbeff147f64c62daf5a2b5c24abe62355affb4b9a",
    "https://esm.sh/data-uri-to-buffer@4.0.1?target=denonext": "3eed5953c3cb8ffcf764b88cc41d0399ebd949e961e1c609e6767f5eeff33256",
    "https://esm.sh/debug@2.6.9/denonext/debug.mjs": "de9f8ad5294dd8fecae71f3c76cb5f51df7f9e57846af8e475a75b7ecdc8a781",
    "https://esm.sh/debug@2.6.9?target=denonext": "b8be70bd03447ffae2bb53b0531e182942452fbebf7834c4348a94aabd4616d9",
    "https://esm.sh/entities@4.5.0/denonext/entities.mjs": "4a9306e4021ae1079e83b5db26e1678c536fa69c8f2839802bc3cc43282cef08",
    "https://esm.sh/entities@4.5.0/denonext/lib/decode.mjs": "ef22e25f6bca668e40c4f7d4ecaebe2172a833a18372d55b54f997d0d8702dcd",
    "https://esm.sh/entities@4.5.0/denonext/lib/escape.mjs": "116aef78e5ff05efa6f79851b8b59da025ab88f5c25d2262f73df98f4d57c3fa",
    "https://esm.sh/entities@4.5.0?target=denonext": "f6bc559c07f40e94b3ef50f0b24e2666a2258db3b6697bf4da8fd2fc014ef7a1",
    "https://esm.sh/exif@0.6.0": "cc285c852be573c853f615e24049499e8b1593f7e36c6b6fe82736ad7f8a87c8",
    "https://esm.sh/exif@0.6.0/denonext/exif.mjs": "77a923c976c122b643159e5717cefe3419459ab2aee1922275010139a4395c62",
    "https://esm.sh/fetch-blob@3.2.0/denonext/fetch-blob.mjs": "4bdcafe41b058056f2b042b0cb8e1f2bc2fc780b1222e37b6e5aeeb19c806687",
    "https://esm.sh/fetch-blob@3.2.0/denonext/file.mjs": "82bf996a0cc9bdd31cf1901bcaafb09b66d31f09d8cf4828bd46173f915a066b",
    "https://esm.sh/fetch-blob@3.2.0/denonext/from.mjs": "e7eaabf5c0a700bc189be493d740056feaa81bf16b6e78c3c91909a7c0f9c248",
    "https://esm.sh/fetch-blob@3.2.0/file?target=denonext": "00c778591cf6287bac619bfee2b99f0dc4c54c94bcab5e27c84c9b7c3f7f430b",
    "https://esm.sh/fetch-blob@3.2.0/from?target=denonext": "aa91ebb7c56576b2ef4b65c1c609de98a0f3c51ec2dac0736bdf3ad09c07ffa0",
    "https://esm.sh/fetch-blob@3.2.0?target=denonext": "dc7a4665105c3a6c06b8e85d81155202ba301ab69a92c764a656d41dfea672b0",
    "https://esm.sh/formdata-polyfill@4.0.10/denonext/esm.min.mjs": "5d0902ccd41981d366e1f5e319acf57b0586f43a897a5e84ed5d4f17de6b25cc",
    "https://esm.sh/formdata-polyfill@4.0.10/esm.min?target=denonext": "1ac76051dd150f7e961b625426616a4cdabe1862a9916a18140fdcc8f19f9a7e",
    "https://esm.sh/htm@3.1.1": "563658bc68f6b699f6d19d8fa5ef628c19acb8fc6ce7a0858415dba6b2069ff0",
    "https://esm.sh/htm@3.1.1/denonext/htm.mjs": "6c0d0967b9cc95f4f7db768425d3992757d814f95b0a7fc963a904b25bd7b873",
    "https://esm.sh/image-size@1.0.2": "a559fe271c70e5a55bb735b289bcfec6eeaef83ff82479657515bb6d75acba7b",
    "https://esm.sh/image-size@1.0.2/denonext/image-size.mjs": "a7420cc159deeaaf91be71ce6b04b8ef9e8ccaec1f469ded860c781f1427889c",
    "https://esm.sh/js-beautify@1.14.11": "a5db8a8d23a9bb4db82e81675d6f28b83d1fd2f6aaa7a77439cceeaf4e50aa40",
    "https://esm.sh/js-beautify@1.14.11/denonext/js-beautify.mjs": "e7b4d9b31f18e2ed7cc6139985b4a756bdbb633f4de0f60773f02fe567f3c2a5",
    "https://esm.sh/linkify-it@5.0.0/denonext/linkify-it.mjs": "7c02b0682b9ea78f25958e9c7ae17a76c2bf804c803a5a6103314786a8aefecf",
    "https://esm.sh/linkify-it@5.0.0?target=denonext": "0f6816f64d1a886f8ec763f82fa5e1e99bae33171bd21bfb4bca18e76c642f44",
    "https://esm.sh/lit-element@4.2.1/denonext/__lit-element.mjs": "1f43e81e394bcd87dd976b4fce31c1feb1a2e3919f6644612185901af2f187de",
    "https://esm.sh/lit-element@4.2.1/lit-element?target=denonext": "114035fb635b41a2b9d3e37de809f180902bdad540c6a12ee2bd9d88b45a2506",
    "https://esm.sh/lit-html@3.3.1/denonext/is-server.mjs": "5039abac9de45d311a39f1fa93e567aab672d1e5feee4a0692dbb1f1fa68e370",
    "https://esm.sh/lit-html@3.3.1/denonext/lit-html.mjs": "6dbaaacd00bf1512a419c8d01cc2e9cd469ad3f16ed3004c895c9e49dd1d52ad",
    "https://esm.sh/lit-html@3.3.1/is-server?target=denonext": "c0154e6c6ac93cb8ec3110e635c4460ab9f4e79fa1c66f45653d327b3d7d8558",
    "https://esm.sh/lit-html@3.3.1?target=denonext": "ba15655de25671dd828e30fc873b6dbebd39438a5c24720769e0e82728a18b1d",
    "https://esm.sh/lit@3.2.1": "ed6f69ae3a4bf1d717da3a0f831014c2d9db043e18a95294d32d7708b8461329",
    "https://esm.sh/lit@3.2.1/denonext/lit.mjs": "d89186d77bd5ab2c528bf7544376b8f175081b86a9fa7e2a1c9a70785fee3659",
    "https://esm.sh/markdown-it-deflist@3.0.0": "1347e426e8f455b165f93019abc849773ed4c354a936e4e02c02a691c7d9eeb5",
    "https://esm.sh/markdown-it-deflist@3.0.0/denonext/markdown-it-deflist.mjs": "3712529ab48128607c1206f6f9edc1d08771026381a9ddf9e93422027d6440cf",
    "https://esm.sh/markdown-it@14.0.0": "3531eb75f3142c0d2a48971153f2f6c545d4664afcba490c1f78b9d1ca8737b4",
    "https://esm.sh/markdown-it@14.0.0/denonext/markdown-it.mjs": "d13bf65520a65a6e08c04be92e5ea3d977576d048f6b3e243f443136adb71d68",
    "https://esm.sh/mdurl@2.0.0/denonext/mdurl.mjs": "9caaf7d215e2f02a53c67e6d1e167ff494f23ba9ecacfb12782b63ef8a332018",
    "https://esm.sh/mdurl@2.0.0?target=denonext": "ac735e233b20c20faa132417f19f0039579b6cdfad8df23eacba78ce771dea23",
    "https://esm.sh/mkdirp@3.0.1": "1613c4e637a1803ce195aa57b57ccfbf37643ab99a227fb38123b90630d1cebe",
    "https://esm.sh/mkdirp@3.0.1/denonext/mkdirp.mjs": "fe49a0b5a9e49ab9074cdec254bda32bddbdda09e2ed29bf92d297005b6933be",
    "https://esm.sh/ms@2.0.0/denonext/ms.mjs": "84d53e0bf4a7b1509e670058442fdcbc36a98920bea62f16f632ae09021ac556",
    "https://esm.sh/node-domexception@1.0.0/denonext/node-domexception.mjs": "138a09c22252f08c9fd6d535536fc542b73c50a8129ac1cc24fbc0c725950b66",
    "https://esm.sh/node-domexception@1.0.0?target=denonext": "3cfde0103fedc2864ddaa91b34410022312a0aa6f8f29058a5db10171e6690a7",
    "https://esm.sh/node-fetch@3.3.2": "0261eb7ca026de982c7dd9ac3b171106fb372a430bae53fff9912cef4b16fc00",
    "https://esm.sh/node-fetch@3.3.2/denonext/node-fetch.mjs": "d8da2aaf90e57b15c63b554a493ad13f38c43eb0d36baf615031b8fbde8f92df",
    "https://esm.sh/node-fetch@3.3.2/denonext/src/utils/multipart-parser.mjs": "787582b559f57ca11c5bf2067ae46d7a2fa0908e28bf8a66cff676d4d9d993b4",
    "https://esm.sh/preact-render-to-string@6.5.13/X-ZXByZWFjdA/denonext/preact-render-to-string.mjs": "72d3d9ffa08f78877c44a80f692839b1b8ef456dc16fee130568eb8a18a5cff1",
    "https://esm.sh/preact-render-to-string@6.5.13?external=preact": "5bea593bfdd7f61a4b301b5bd5d0b3ceebffdb0e1834f4002368bee6d7ada1f5",
    "https://esm.sh/preact@10.26.2": "4e9eb767bc2b8e3dcdb02f9721edc2d817e53317765d91e899127671a82d403b",
    "https://esm.sh/preact@10.26.2/compat": "8da774d567055b5256020db60d18525abad30d3b2910752559326b5910751bc1",
    "https://esm.sh/preact@10.26.2/denonext/compat.mjs": "c35187ccf34f201f3839c2500b0064ae367adb81a1ab5acbe7ea812774b9d62e",
    "https://esm.sh/preact@10.26.2/denonext/hooks.mjs": "b7f5e5ed15cd15ebf835a8db97762a4424dde6ec224a96cf2bad31a02d30c3ea",
    "https://esm.sh/preact@10.26.2/denonext/preact.mjs": "45867941dbf01c32f4f7c0257757a175b748236499ebc035b0bfb802a4720c47",
    "https://esm.sh/preact@10.26.2/hooks": "06dd16279d7afc719456418dcf216c82d2b80b1720afef1dec64ece01d1b5594",
    "https://esm.sh/punycode.js@2.3.1/denonext/punycode.mjs": "a765849c0e16a7f9754e66b1bbb652e7a3d6458e605c38d8e0f2d526954e7ed0",
    "https://esm.sh/punycode.js@2.3.1?target=denonext": "064a07cbb94fe9b75188cd1f0f53adda967ae5d81f1a4fab9774e3ca28b00516",
    "https://esm.sh/queue@6.0.2/denonext/queue.mjs": "ae8f9900975b0d26a001f0a65da85f73b71ae6758c473845e422bc017549e5cf",
    "https://esm.sh/uc.micro@2.1.0/denonext/uc.micro.mjs": "549d36fd64ab29703da6e300957bed9de0dae7d7218eca8bbe6681994133e8b0",
    "https://esm.sh/uc.micro@2.1.0?target=denonext": "92a78210f1d78f8d3b7a23db7e9c9b893421f1986ea9faa0b972f654a8aaaab6",
    "https://esm.sh/use-isomorphic-layout-effect@1.2.1/X-ZXJlYWN0/denonext/use-isomorphic-layout-effect.mjs": "2d2c79aa684c79c3fc5c002a587018e19d01484f9297088fd0b1f6a97cdb6098",
    "https://esm.sh/use-isomorphic-layout-effect@1.2.1?external=react&target=denonext": "3c219d6bb3738def0af5e6d36dff5b0d4cb4bb5f05e9bffdc48c4629e78d5dc3",
    "https://esm.sh/use-sync-external-store@1.5.0/X-ZXJlYWN0/denonext/shim.mjs": "a890f94bbfddb5031d9a198894302b0d146da9dcc6ba6aa72743e0bbb0bd0905",
    "https://esm.sh/use-sync-external-store@1.5.0/X-ZXJlYWN0/denonext/shim/with-selector.mjs": "b80217b25b299756d75c718cee9dd0f1dfd0ecbaf953234a03ddb944273b19e4",
    "https://esm.sh/use-sync-external-store@1.5.0/shim/with-selector?external=react&target=denonext": "a9e65e8d78cc08c70173808fdd3839d96733a5f456ceaacb375ccdec2344acc9",
    "https://esm.sh/use-sync-external-store@1.5.0/shim?external=react&target=denonext": "320ade8957c3440faeffb899e9dabb4eb6dd5e0bb6888a3081dd43981ac6f477",
    "https://esm.sh/web-streams-polyfill@3.3.3/denonext/dist/ponyfill.es2018.mjs": "473d1c07493a263e75fe0d863c2736e79b45d62d4828495dd808b798b0473ebf",
    "https://esm.sh/web-streams-polyfill@3.3.3/dist/ponyfill.es2018?target=denonext": "0a8b106eacb8559e1c137ff0fa424892b10d211df95b215bf790377add7147d4",
    "https://esm.sh/xstate@5.19.2": "0df0888a0ef3a3a2dddac50e2a8b68fe993d537372bbf2501278826e3e629f76",
    "https://esm.sh/xstate@5.19.2/denonext/actors.mjs": "d6388f073d781d1334ef6875f5b1217a76ed0b64d745780e1c5b3495d1a6a7f7",
    "https://esm.sh/xstate@5.19.2/denonext/dev.mjs": "d43fe5e9f7849ded4e8d95b577e9faf47d5c6247ba556d841685f0d5c5ff25e2",
    "https://esm.sh/xstate@5.19.2/denonext/dist/log-3d9d72a9.esm.mjs": "df0c92409c21e0ca6fcb093d409aeb5e944a91530d2509b7bcdba68fa75d71c6",
    "https://esm.sh/xstate@5.19.2/denonext/dist/raise-c17ec2bc.esm.mjs": "2589837cf0f9fa1222b7ff4e2976797f68dc7813835be71796da970730fcbca9",
    "https://esm.sh/xstate@5.19.2/denonext/xstate.mjs": "3adc286cfc6d91d45c1ec200c00332ed70c13542685035085b58e5d606de2d0a"
  },
  "workspace": {
    "dependencies": [
      "jsr:@openai/openai@^5.12.0",
      "jsr:@std/dotenv@~0.225.5",
      "jsr:@std/encoding@^1.0.10",
      "npm:archiver@6.0.1"
    ],
    "packageJson": {
      "dependencies": [
        "npm:@playwright/test@^1.54.2",
        "npm:is-url@^1.2.4",
        "npm:node-fetch@^3.3.2",
        "npm:playwright@^1.54.2",
        "npm:wasm-vips@^0.0.14"
      ]
    }
  }
}
