{
  "version": "3",
  "remote": {
    "https://esm.sh/stable/preact@10.19.3/X-YS9yZWFjdDpwcmVhY3QvY29tcGF0CmUvcmVhY3QseHN0YXRl/denonext/compat.js": "720e92b6f2b4449d3fada0c607521726d40169feac29e2e7a807bed11a9f63df",
    "https://esm.sh/stable/preact@10.19.3/X-YS9yZWFjdDpwcmVhY3QvY29tcGF0CmUvcmVhY3QseHN0YXRl/denonext/hooks.js": "f0a6fb8af69e7ad8aaaee8617eba19c243a97daf59368440773b9755c8bfa703",
    "https://esm.sh/stable/preact@10.19.3/X-YS9yZWFjdDpwcmVhY3QvY29tcGF0CmUveHN0YXRl/denonext/compat.js": "95f69cea8f2004f1f1dc289a994deaec086323d222f46f88540eb234dc1b4df4",
    "https://esm.sh/stable/preact@10.19.3/X-YS9yZWFjdDpwcmVhY3QvY29tcGF0CmUveHN0YXRl/denonext/hooks.js": "f0a6fb8af69e7ad8aaaee8617eba19c243a97daf59368440773b9755c8bfa703",
    "https://esm.sh/stable/preact@10.19.3/denonext/compat.js": "935ad77197ac816aea4864fb0e3ebd3ca4bf49e6790970563b64b33d6e99e660",
    "https://esm.sh/stable/preact@10.19.3/denonext/hooks.js": "f0a6fb8af69e7ad8aaaee8617eba19c243a97daf59368440773b9755c8bfa703",
    "https://esm.sh/stable/preact@10.19.3/denonext/preact.mjs": "56bdea10da1452aff749df2c9371c1368a90449cc53c522fa2e332327b33a860",
    "https://esm.sh/v135/@xstate/react@4.0.1/X-YS9yZWFjdDpwcmVhY3QvY29tcGF0CmUvcmVhY3QseHN0YXRl/denonext/react.mjs": "97d3b6fb68b0532b8b6841d33cb88d5f1e2f8ce8f32d672be21f7914853a683c",
    "https://esm.sh/v135/@xstate/react@4.0.1/X-YS9yZWFjdDpwcmVhY3QvY29tcGF0CmUveHN0YXRl/denonext/react.mjs": "8be51fc3496fdb3d30f3b062fc56188e7a7f9c391657fdb4268856f643bd0bcd",
    "https://esm.sh/v135/@xstate/react@4.0.1/X-ZS9yZWFjdCx4c3RhdGU/denonext/react.mjs": "be575b09ad1a73b79f6d3bd3bd4de8cda20ea2ba3a3b5f3a7f0b44dcf289472d",
    "https://esm.sh/v135/@xstate/react@4.0.1?external=react,xstate": "19490a6167e7783021e5894270eec11899a92438816bb88d9b1e9547ef9d2283",
    "https://esm.sh/v135/@xstate/react@4.0.1?external=react,xstate&alias=react:preact/compat": "3be31bc1d72c8d0d91ee9e95c4750dbd811bf6c936c5886808835cf6214ba43f",
    "https://esm.sh/v135/@xstate/react@4.0.1?external=xstate&alias=react:preact/compat": "c7625059a09b3e9560cdd8608626520af819b53b0862e37625b39465bdba9802",
    "https://esm.sh/v135/chalk@5.3.0": "c6d525e5551f7cfac029db68058a4ae44a49dcbc7a5a792850a04e655e8702f9",
    "https://esm.sh/v135/chalk@5.3.0/denonext/chalk.mjs": "3943aef3775b1bb1c19ed547ef6d4ab66cb3f417595fd1dd70366878607cf9bf",
    "https://esm.sh/v135/entities@4.5.0/denonext/entities.mjs": "a9e8f9c22022c34755d1189030ac30c68545ccf8532fa32654c50fe9d90a13a1",
    "https://esm.sh/v135/entities@4.5.0/denonext/lib/decode.js": "7fea6d8bd725edbbf7ea05031d2ea1bbbc1166dc11e3345d541198dd2dc16f1e",
    "https://esm.sh/v135/entities@4.5.0/denonext/lib/escape.js": "7ebdc622bf3618bab25db40da4a49e2b9d03f044745f125f0bc3359f2d060def",
    "https://esm.sh/v135/htm@3.1.1": "618fdb44f13eae1da6c01bfee68f97bf0b37d784d12eabacc85e5d306ebd1310",
    "https://esm.sh/v135/htm@3.1.1/denonext/htm.mjs": "55f083f3845f9c95510d21ce5d3ba24151dc625a23191b76c5ffbf00d14ed29a",
    "https://esm.sh/v135/js-beautify@1.14.11": "ac761d8a8a6b0db24474623840c77cfa114cc15c6d0d5eccf592df1a2c5bb57e",
    "https://esm.sh/v135/js-beautify@1.14.11/denonext/js-beautify.mjs": "98b7066a4986e44e04c6e5216628f5abce4f5d54ec63e0d8369e93f44a9bd940",
    "https://esm.sh/v135/linkify-it@5.0.0/denonext/lib/re.js": "6892baff044bc96333177e4cdf3d219629f612c3e41c39d3ac3ea42b9084291e",
    "https://esm.sh/v135/linkify-it@5.0.0/denonext/linkify-it.mjs": "47f008410ff982e5f5c29031d5d4e6577ca9e53b13b8a4b85ebfbad7c73adf0a",
    "https://esm.sh/v135/markdown-it-deflist@3.0.0": "e64a5a0d167df13997fcd2879eeb91e6abb1606051e8681954405c0edbf4fec5",
    "https://esm.sh/v135/markdown-it-deflist@3.0.0/denonext/markdown-it-deflist.mjs": "46f98a9584c8b6def571d78b7cf79ecd609e91963a72f7b3c7cd13c8e82105b5",
    "https://esm.sh/v135/markdown-it@14.0.0": "49bc06625cc1ce47cb7b6b3f196690a24356621589121d5fb21c5fe749de103a",
    "https://esm.sh/v135/markdown-it@14.0.0/denonext/lib.js": "4a2a796b74dfe9d8f048368b7698facab293cf9b56ea2cae8dfb0c908418e633",
    "https://esm.sh/v135/markdown-it@14.0.0/denonext/lib/common/html_blocks.js": "8db7f24a4599b99778a430f582dad23cdc283ca7c32962b66e9210deda4e9d07",
    "https://esm.sh/v135/markdown-it@14.0.0/denonext/lib/common/html_re.js": "aa9c8bd21d8373df4df0bb059275b4acbcbb22936fa215d0ce822d57ca403a67",
    "https://esm.sh/v135/markdown-it@14.0.0/denonext/lib/common/utils.js": "f2054d2c802196c9f5651c9acfc63b88d47b898f5a746620eb135337595267e7",
    "https://esm.sh/v135/markdown-it@14.0.0/denonext/lib/helpers.js": "2aa7f9ff62cc49edcac37ccd15cd424369920e0a1aa8158273ce5afeecdad29b",
    "https://esm.sh/v135/markdown-it@14.0.0/denonext/lib/helpers/parse_link_destination.js": "f51675ac49a867ef7914bafb886e3e5ba5a46143d48f47a6c24f2d4f0f9bc6d2",
    "https://esm.sh/v135/markdown-it@14.0.0/denonext/lib/helpers/parse_link_label.js": "41ee322ae5403ec08e57ef56b8d8f4a70b0524ddf16873d25585cc90a5da06ba",
    "https://esm.sh/v135/markdown-it@14.0.0/denonext/lib/helpers/parse_link_title.js": "511a33bb5853cf6116db3608a38ba9544d6b84512a4c8ce5989664a228707b0e",
    "https://esm.sh/v135/markdown-it@14.0.0/denonext/lib/parser_block.js": "3c3b664a0796e52230d46fe63452f5fab23ec2e1e11cfa3a215fb5229145f0a6",
    "https://esm.sh/v135/markdown-it@14.0.0/denonext/lib/parser_core.js": "51d5932663b5326400276b743395bae3c5cda5cfca316b77b0a3d8b2d418714b",
    "https://esm.sh/v135/markdown-it@14.0.0/denonext/lib/parser_inline.js": "1634dbeff3f82999a002977f1420b778debd09fc3fc18f35db19c53c2192cc44",
    "https://esm.sh/v135/markdown-it@14.0.0/denonext/lib/presets/commonmark.js": "2022c0a0cc28d85dce4f9996c7c583976f64d76529b57940e44c096f4a3e0f70",
    "https://esm.sh/v135/markdown-it@14.0.0/denonext/lib/presets/default.js": "7e9cb0fdafe4901e912f1f0d067ebe28c153783601d218945b83a5efd7a10823",
    "https://esm.sh/v135/markdown-it@14.0.0/denonext/lib/presets/zero.js": "1772a10d5e64a6767f0c4df57401cf427ba6e8c704d6fa503cfe459453525651",
    "https://esm.sh/v135/markdown-it@14.0.0/denonext/lib/renderer.js": "40a06fe04f052b0818555f8f003341b683d1600cb2aeb5d250a5eed6ac46f6be",
    "https://esm.sh/v135/markdown-it@14.0.0/denonext/lib/ruler.js": "b5a8cc2ba3439ef469a0c566a4f6884f57e338e8baef91c4fc002d971e09ff18",
    "https://esm.sh/v135/markdown-it@14.0.0/denonext/lib/rules_block/blockquote.js": "92057619e50f5f4eb21a772f2ecc17862cfd7e5625d672379870c72b151b6dc9",
    "https://esm.sh/v135/markdown-it@14.0.0/denonext/lib/rules_block/code.js": "a8d876ada6acae61ca0f1143f0886f88267a394371f1c825d1cab2b89fc51b7a",
    "https://esm.sh/v135/markdown-it@14.0.0/denonext/lib/rules_block/fence.js": "d3eef6e3553544419abcae8f53cb197ef072c98ef0e6dcc24e44ed7845a0987b",
    "https://esm.sh/v135/markdown-it@14.0.0/denonext/lib/rules_block/heading.js": "adbe57ded854d83557ddd9fb8b1018989f040f7c6393c3332b70751f7893aab6",
    "https://esm.sh/v135/markdown-it@14.0.0/denonext/lib/rules_block/hr.js": "ccf59450fbff9b8e744cc72a740dfad87ffb0512c80036e503617b5bd5fb20f3",
    "https://esm.sh/v135/markdown-it@14.0.0/denonext/lib/rules_block/html_block.js": "088a529ab14ea59171feebf4ed0578ee13e8dd2f1a75c40ed69cf6ed9b587db6",
    "https://esm.sh/v135/markdown-it@14.0.0/denonext/lib/rules_block/lheading.js": "4db152b8e8075289eced9da69d7c1ca3fb4cdc628afe986fcd59ac20efe0843d",
    "https://esm.sh/v135/markdown-it@14.0.0/denonext/lib/rules_block/list.js": "636484013a5c0bb9a89d2a4c8723e2b355f59f15679daf62206d851d4e9a7377",
    "https://esm.sh/v135/markdown-it@14.0.0/denonext/lib/rules_block/paragraph.js": "034dfa197e9252740a63538ec59ce38ed33ecd91f0d4136dc2c1a1d1932b98c3",
    "https://esm.sh/v135/markdown-it@14.0.0/denonext/lib/rules_block/reference.js": "203c21dda0f14c213b4cccf4f37216594c26e020ebd33228c34d9f993029b38e",
    "https://esm.sh/v135/markdown-it@14.0.0/denonext/lib/rules_block/state_block.js": "778f372a4953c5547982dc41eddb956b121718ca11b49d25ed4f977a249b22e3",
    "https://esm.sh/v135/markdown-it@14.0.0/denonext/lib/rules_block/table.js": "08770f89b0ed9b75075df6c40440a9562a3e70cd8dfa72aae226c32df4c75e79",
    "https://esm.sh/v135/markdown-it@14.0.0/denonext/lib/rules_core/block.js": "08a227f9a5a09d20baf4911cd70fb904dc4f488a1ed87dd68f0db6d9bc38a89b",
    "https://esm.sh/v135/markdown-it@14.0.0/denonext/lib/rules_core/inline.js": "5cfecf56d9b9992c31dc1ed6d4a227fff306e9654b1f546bd4d47fa8305f87f0",
    "https://esm.sh/v135/markdown-it@14.0.0/denonext/lib/rules_core/linkify.js": "07294d40f08a4eb8decdfb209a5c9a533148feac695128a371522864c9655f53",
    "https://esm.sh/v135/markdown-it@14.0.0/denonext/lib/rules_core/normalize.js": "4c2883681eb22d5255fe18f0037483e0c4cc3b46795ec985f459c67934f2380f",
    "https://esm.sh/v135/markdown-it@14.0.0/denonext/lib/rules_core/replacements.js": "c01d19d82957238adc7919c6be0db744a5cdb01c74961264e5b83728481db404",
    "https://esm.sh/v135/markdown-it@14.0.0/denonext/lib/rules_core/smartquotes.js": "9cdcc726bd305496ca2b2dbc255f65d09dcba5194fd9efa3391aa2040b397323",
    "https://esm.sh/v135/markdown-it@14.0.0/denonext/lib/rules_core/state_core.js": "c5418b4274dc0e5fa1db6377d8ab5a103767ab0871def2cf26f63667c211621a",
    "https://esm.sh/v135/markdown-it@14.0.0/denonext/lib/rules_core/text_join.js": "74313e078f07d0bbb440c060d8683a6074f00203a04e35bfc01d39d3ac04d40e",
    "https://esm.sh/v135/markdown-it@14.0.0/denonext/lib/rules_inline/autolink.js": "645c40c7f0aa03f8b5644ac6212eb98e82632b3c4e0ec2f2e1bcf347724680b5",
    "https://esm.sh/v135/markdown-it@14.0.0/denonext/lib/rules_inline/backticks.js": "f425c7f302dec169e0af36a5f039e5c9cfd105c10f84f9da68df53e5353cfbf9",
    "https://esm.sh/v135/markdown-it@14.0.0/denonext/lib/rules_inline/balance_pairs.js": "bdc3fe015f5165416ba4b53654189fb25bb5de1844c3d716fe287fc4d517f617",
    "https://esm.sh/v135/markdown-it@14.0.0/denonext/lib/rules_inline/emphasis.js": "c7cc013ddcdf72dfc3fbfc6b899c4b0f6d1c343a0d5d7da07cebd121288dfcae",
    "https://esm.sh/v135/markdown-it@14.0.0/denonext/lib/rules_inline/entity.js": "8cbc87da5d2009f86751488319da88ae5c05769576f27e2f821d8c4939111a00",
    "https://esm.sh/v135/markdown-it@14.0.0/denonext/lib/rules_inline/escape.js": "6d8d2e2aa09ca57a741aac8600c76f8e94af69d0d70ca746b37dc84bb5e88d7a",
    "https://esm.sh/v135/markdown-it@14.0.0/denonext/lib/rules_inline/fragments_join.js": "bc387af23a2b528473a80a3d9a5d147f44a550ab9d7a957c6928b1a9f56e904a",
    "https://esm.sh/v135/markdown-it@14.0.0/denonext/lib/rules_inline/html_inline.js": "ebbc896301e36aaa5fc800c050924b25cd1560530712518a240a9ba880aef5b4",
    "https://esm.sh/v135/markdown-it@14.0.0/denonext/lib/rules_inline/image.js": "f668e16d41a195c0d880046cb5c557f312c371817099fc9524ab370e4872892e",
    "https://esm.sh/v135/markdown-it@14.0.0/denonext/lib/rules_inline/link.js": "ba81ed1fda61b2c6cba62da5275b006fa309358b11eb29afd0626a9ba16756dd",
    "https://esm.sh/v135/markdown-it@14.0.0/denonext/lib/rules_inline/linkify.js": "0cf0bb168c980c357ca09682c857bc1ea5602cca9c469f2e6656619f3173adb0",
    "https://esm.sh/v135/markdown-it@14.0.0/denonext/lib/rules_inline/newline.js": "b7f09ebff7e5bc62d0d1afb41c3ce5d9410b8548fd47f59ef31bac1b9bb0aaf1",
    "https://esm.sh/v135/markdown-it@14.0.0/denonext/lib/rules_inline/state_inline.js": "dc9976fb2ac2f08573ffc05cae668d56563d13153d1702b2e037681b1467c30b",
    "https://esm.sh/v135/markdown-it@14.0.0/denonext/lib/rules_inline/strikethrough.js": "284ec202b9108d3510eca72d032593f8cf1164864927e65a0aba78e28174ab35",
    "https://esm.sh/v135/markdown-it@14.0.0/denonext/lib/rules_inline/text.js": "17880a26fb18deba687f8635f6235832923aa7e9aaa042e13b571995a18f2d20",
    "https://esm.sh/v135/markdown-it@14.0.0/denonext/lib/token.js": "fd7e2600c55161ee0719e41646bfe0dfac7ce8f50cf702621995d7c676a9cb23",
    "https://esm.sh/v135/markdown-it@14.0.0/denonext/markdown-it.mjs": "dcc0e005c23e2f9ad1dd449e99ec80e1c5bca43aa88b5f98972f3d7aa3ab101d",
    "https://esm.sh/v135/mdurl@2.0.0/denonext/lib/decode.js": "c74a34cf087d5255fae0837956cedb6e377f4437616eddaebeadf9bddded933e",
    "https://esm.sh/v135/mdurl@2.0.0/denonext/lib/encode.js": "e3c0f88fbf8b8fe33d1738cbf1be8114330d5c50755063569da5e64b1c3cdb1c",
    "https://esm.sh/v135/mdurl@2.0.0/denonext/lib/format.js": "de5936230b5d2deaef606fb34605db69864c24aa20c2bd18ffd8282d5a8bf75f",
    "https://esm.sh/v135/mdurl@2.0.0/denonext/lib/parse.js": "3c8aea401dd4f18f13b1261878c28845be418ed31860309b2d072a9f8b1e061b",
    "https://esm.sh/v135/mdurl@2.0.0/denonext/mdurl.mjs": "6c7423f2e5959f009939005fb243420436a58b2663291c1ffaf9bc9c3dbc93f7",
    "https://esm.sh/v135/preact-render-to-string@6.3.1/X-ZS9wcmVhY3Q/denonext/preact-render-to-string.mjs": "bcaceb8c3938310aee3dd4f7b6f2136cf0b2b890988c2e6679485e052e76e920",
    "https://esm.sh/v135/preact-render-to-string@6.3.1?external=preact": "67e6a21c9e1ca49eab7ad9c7d0adbf62e16c8680d688d747ab53f9fb6663aafd",
    "https://esm.sh/v135/preact@10.19.3": "8a3e9b595ba7e875e03693798b455d7846e54e34e1946e20c87a4945677ffea5",
    "https://esm.sh/v135/preact@10.19.3/compat": "c5fbcd279d5494093088811a14f930532c8c1ea215e2ec162e2404c5d9ead552",
    "https://esm.sh/v135/preact@10.19.3/hooks": "6dd98b98c46687829ec68f96a1582a8a479cac55cdf1342485df55a6157b0de4",
    "https://esm.sh/v135/punycode.js@2.3.1/denonext/punycode.mjs": "0700087229bba370aa7c7675d78eb97a7c2f6d928ee7a6dc44eb149ca2f9af50",
    "https://esm.sh/v135/uc.micro@2.0.0/denonext/categories/Cc/regex.js": "744a390283ba7aa58d13a38643b9cbe1a86af34528fd88b2490fec064d1770c1",
    "https://esm.sh/v135/uc.micro@2.0.0/denonext/categories/Cf/regex.js": "dc93f7ab986d74703f189240ea10d955a5661c3ce045d204697417f3ef223621",
    "https://esm.sh/v135/uc.micro@2.0.0/denonext/categories/P/regex.js": "8dc6fb06fac90c8e55331bc583025509377c1750c254cf254e886e602f496d05",
    "https://esm.sh/v135/uc.micro@2.0.0/denonext/categories/Z/regex.js": "3c99c1ce8b59cd19e89c83f383b5e1b45bc3c518de0a20138c180821cda4a7ce",
    "https://esm.sh/v135/uc.micro@2.0.0/denonext/properties/Any/regex.js": "aa050de4a87a52585c566240163ba6de5d66f1c447e1ed0fc7995b0a249b4b8f",
    "https://esm.sh/v135/uc.micro@2.0.0/denonext/uc.micro.mjs": "928617fd0acc39ec46314fcf11f24764232e9dc20d0b1ce98a52b7e555ec66fb",
    "https://esm.sh/v135/use-isomorphic-layout-effect@1.1.2/X-YS9yZWFjdDpwcmVhY3QvY29tcGF0CmUvcmVhY3QseHN0YXRl/denonext/use-isomorphic-layout-effect.mjs": "f16a9896959ad67ace8bcbf877208b76e6e77672a833423d81c51b49ebc345d3",
    "https://esm.sh/v135/use-isomorphic-layout-effect@1.1.2/X-YS9yZWFjdDpwcmVhY3QvY29tcGF0CmUveHN0YXRl/denonext/use-isomorphic-layout-effect.mjs": "9f53ffcc15ca4187d34b26ef00c40b458658e384fdb138621fb6e45fb143d6f6",
    "https://esm.sh/v135/use-isomorphic-layout-effect@1.1.2/X-ZS9yZWFjdCx4c3RhdGU/denonext/use-isomorphic-layout-effect.mjs": "076fd9432f3a02982dc417fb78cf32a1bdd202d85d0ce390554bb12fbae4ad70",
    "https://esm.sh/v135/use-sync-external-store@1.2.0/X-YS9yZWFjdDpwcmVhY3QvY29tcGF0CmUvcmVhY3QseHN0YXRl/denonext/shim.js": "48af60ea194e4700b1a4d0a6ba9983bb3ae39e59f0483806b208b87ded411754",
    "https://esm.sh/v135/use-sync-external-store@1.2.0/X-YS9yZWFjdDpwcmVhY3QvY29tcGF0CmUvcmVhY3QseHN0YXRl/denonext/shim/with-selector.js": "5f35ccab3edb1b73b0ca7636ae5cb18509d66642006428384011af713a5063de",
    "https://esm.sh/v135/use-sync-external-store@1.2.0/X-YS9yZWFjdDpwcmVhY3QvY29tcGF0CmUveHN0YXRl/denonext/shim.js": "8856c0f79b4e40ae2aa3e1bd49f9692f1b3a99291e3bd0ff0e1e9da420980730",
    "https://esm.sh/v135/use-sync-external-store@1.2.0/X-YS9yZWFjdDpwcmVhY3QvY29tcGF0CmUveHN0YXRl/denonext/shim/with-selector.js": "353988d8d847a614fccb3412968da6dc283b902e5630248a9f15762f06a193ca",
    "https://esm.sh/v135/use-sync-external-store@1.2.0/X-ZS9yZWFjdCx4c3RhdGU/denonext/shim.js": "37e3c7d40c8197daac8a39b77b97e026fcbc5ee3cc80c48a9057473631dcb247",
    "https://esm.sh/v135/use-sync-external-store@1.2.0/X-ZS9yZWFjdCx4c3RhdGU/denonext/shim/with-selector.js": "655284f36fddf326023fc843646a363c0b38c2edbcb65f303c2292abdc506b30",
    "https://esm.sh/v135/xstate@5.4.0": "495f247ea64123dffb2c0f4e8b2bbd4e2797569f1347b3e84ab866a32f073c98",
    "https://esm.sh/v135/xstate@5.4.0/denonext/actors.js": "d8d0e02301e17a3ca5bcc29de104446c1cc3acf10e539a5eef9eb53d35989aa1",
    "https://esm.sh/v135/xstate@5.4.0/denonext/dev.js": "6a47f88217cde0ec9fe218935f2ce5c3593af6119689550e71dc1ade93861289",
    "https://esm.sh/v135/xstate@5.4.0/denonext/xstate.mjs": "30c882c0043a0d69713d7ce14f5656cb12a84ac1662a93c3a7f06a83e587e4c7"
  }
}
