{
  "version": "3",
  "packages": {
    "specifiers": {
      "npm:archiver@6.0.1": "npm:archiver@6.0.1"
    },
    "npm": {
      "archiver-utils@4.0.1": {
        "integrity": "sha512-Q4Q99idbvzmgCTEAAhi32BkOyq8iVI5EwdO0PmBDSGIzzjYNdcFn7Q7k3OzbLy4kLUPXfJtG6fO2RjftXbobBg==",
        "dependencies": {
          "glob": "glob@8.1.0",
          "graceful-fs": "graceful-fs@4.2.11",
          "lazystream": "lazystream@1.0.1",
          "lodash": "lodash@4.17.21",
          "normalize-path": "normalize-path@3.0.0",
          "readable-stream": "readable-stream@3.6.2"
        }
      },
      "archiver@6.0.1": {
        "integrity": "sha512-CXGy4poOLBKptiZH//VlWdFuUC1RESbdZjGjILwBuZ73P7WkAUN0htfSfBq/7k6FRFlpu7bg4JOkj1vU9G6jcQ==",
        "dependencies": {
          "archiver-utils": "archiver-utils@4.0.1",
          "async": "async@3.2.5",
          "buffer-crc32": "buffer-crc32@0.2.13",
          "readable-stream": "readable-stream@3.6.2",
          "readdir-glob": "readdir-glob@1.1.3",
          "tar-stream": "tar-stream@3.1.6",
          "zip-stream": "zip-stream@5.0.1"
        }
      },
      "async@3.2.5": {
        "integrity": "sha512-baNZyqaaLhyLVKm/DlvdW051MSgO6b8eVfIezl9E5PqWxFgzLm/wQntEW4zOytVburDEr0JlALEpdOFwvErLsg==",
        "dependencies": {}
      },
      "b4a@1.6.4": {
        "integrity": "sha512-fpWrvyVHEKyeEvbKZTVOeZF3VSKKWtJxFIxX/jaVPf+cLbGUSitjb49pHLqPV2BUNNZ0LcoeEGfE/YCpyDYHIw==",
        "dependencies": {}
      },
      "balanced-match@1.0.2": {
        "integrity": "sha512-3oSeUO0TMV67hN1AmbXsK4yaqU7tjiHlbxRDZOpH0KW9+CeX4bRAaX0Anxt0tx2MrpRpWwQaPwIlISEJhYU5Pw==",
        "dependencies": {}
      },
      "brace-expansion@2.0.1": {
        "integrity": "sha512-XnAIvQ8eM+kC6aULx6wuQiwVsnzsi9d3WxzV3FpWTGA19F621kwdbsAcFKXgKUHZWsy+mY6iL1sHTxWEFCytDA==",
        "dependencies": {
          "balanced-match": "balanced-match@1.0.2"
        }
      },
      "buffer-crc32@0.2.13": {
        "integrity": "sha512-VO9Ht/+p3SN7SKWqcrgEzjGbRSJYTx+Q1pTQC0wrWqHx0vpJraQ6GtHx8tvcg1rlK1byhU5gccxgOgj7B0TDkQ==",
        "dependencies": {}
      },
      "compress-commons@5.0.1": {
        "integrity": "sha512-MPh//1cERdLtqwO3pOFLeXtpuai0Y2WCd5AhtKxznqM7WtaMYaOEMSgn45d9D10sIHSfIKE603HlOp8OPGrvag==",
        "dependencies": {
          "crc-32": "crc-32@1.2.2",
          "crc32-stream": "crc32-stream@5.0.0",
          "normalize-path": "normalize-path@3.0.0",
          "readable-stream": "readable-stream@3.6.2"
        }
      },
      "core-util-is@1.0.3": {
        "integrity": "sha512-ZQBvi1DcpJ4GDqanjucZ2Hj3wEO5pZDS89BWbkcrvdxksJorwUDDZamX9ldFkp9aw2lmBDLgkObEA4DWNJ9FYQ==",
        "dependencies": {}
      },
      "crc-32@1.2.2": {
        "integrity": "sha512-ROmzCKrTnOwybPcJApAA6WBWij23HVfGVNKqqrZpuyZOHqK2CwHSvpGuyt/UNNvaIjEd8X5IFGp4Mh+Ie1IHJQ==",
        "dependencies": {}
      },
      "crc32-stream@5.0.0": {
        "integrity": "sha512-B0EPa1UK+qnpBZpG+7FgPCu0J2ETLpXq09o9BkLkEAhdB6Z61Qo4pJ3JYu0c+Qi+/SAL7QThqnzS06pmSSyZaw==",
        "dependencies": {
          "crc-32": "crc-32@1.2.2",
          "readable-stream": "readable-stream@3.6.2"
        }
      },
      "fast-fifo@1.3.2": {
        "integrity": "sha512-/d9sfos4yxzpwkDkuN7k2SqFKtYNmCTzgfEpz82x34IM9/zc8KGxQoXg1liNC/izpRM/MBdt44Nmx41ZWqk+FQ==",
        "dependencies": {}
      },
      "fs.realpath@1.0.0": {
        "integrity": "sha512-OO0pH2lK6a0hZnAdau5ItzHPI6pUlvI7jMVnxUQRtw4owF2wk8lOSabtGDCTP4Ggrg2MbGnWO9X8K1t4+fGMDw==",
        "dependencies": {}
      },
      "glob@8.1.0": {
        "integrity": "sha512-r8hpEjiQEYlF2QU0df3dS+nxxSIreXQS1qRhMJM0Q5NDdR386C7jb7Hwwod8Fgiuex+k0GFjgft18yvxm5XoCQ==",
        "dependencies": {
          "fs.realpath": "fs.realpath@1.0.0",
          "inflight": "inflight@1.0.6",
          "inherits": "inherits@2.0.4",
          "minimatch": "minimatch@5.1.6",
          "once": "once@1.4.0"
        }
      },
      "graceful-fs@4.2.11": {
        "integrity": "sha512-RbJ5/jmFcNNCcDV5o9eTnBLJ/HszWV0P73bc+Ff4nS/rJj+YaS6IGyiOL0VoBYX+l1Wrl3k63h/KrH+nhJ0XvQ==",
        "dependencies": {}
      },
      "inflight@1.0.6": {
        "integrity": "sha512-k92I/b08q4wvFscXCLvqfsHCrjrF7yiXsQuIVvVE7N82W3+aqpzuUdBbfhWcy/FZR3/4IgflMgKLOsvPDrGCJA==",
        "dependencies": {
          "once": "once@1.4.0",
          "wrappy": "wrappy@1.0.2"
        }
      },
      "inherits@2.0.4": {
        "integrity": "sha512-k/vGaX4/Yla3WzyMCvTQOXYeIHvqOKtnqBduzTHpzpQZzAskKMhZ2K+EnBiSM9zGSoIFeMpXKxa4dYeZIQqewQ==",
        "dependencies": {}
      },
      "isarray@1.0.0": {
        "integrity": "sha512-VLghIWNM6ELQzo7zwmcg0NmTVyWKYjvIeM83yjp0wRDTmUnrM678fQbcKBo6n2CJEF0szoG//ytg+TKla89ALQ==",
        "dependencies": {}
      },
      "lazystream@1.0.1": {
        "integrity": "sha512-b94GiNHQNy6JNTrt5w6zNyffMrNkXZb3KTkCZJb2V1xaEGCk093vkZ2jk3tpaeP33/OiXC+WvK9AxUebnf5nbw==",
        "dependencies": {
          "readable-stream": "readable-stream@2.3.8"
        }
      },
      "lodash@4.17.21": {
        "integrity": "sha512-v2kDEe57lecTulaDIuNTPy3Ry4gLGJ6Z1O3vE1krgXZNrsQ+LFTGHVxVjcXPs17LhbZVGedAJv8XZ1tvj5FvSg==",
        "dependencies": {}
      },
      "minimatch@5.1.6": {
        "integrity": "sha512-lKwV/1brpG6mBUFHtb7NUmtABCb2WZZmm2wNiOA5hAb8VdCS4B3dtMWyvcoViccwAW/COERjXLt0zP1zXUN26g==",
        "dependencies": {
          "brace-expansion": "brace-expansion@2.0.1"
        }
      },
      "normalize-path@3.0.0": {
        "integrity": "sha512-6eZs5Ls3WtCisHWp9S2GUy8dqkpGi4BVSz3GaqiE6ezub0512ESztXUwUB6C6IKbQkY2Pnb/mD4WYojCRwcwLA==",
        "dependencies": {}
      },
      "once@1.4.0": {
        "integrity": "sha512-lNaJgI+2Q5URQBkccEKHTQOPaXdUxnZZElQTZY0MFUAuaEqe1E+Nyvgdz/aIyNi6Z9MzO5dv1H8n58/GELp3+w==",
        "dependencies": {
          "wrappy": "wrappy@1.0.2"
        }
      },
      "process-nextick-args@2.0.1": {
        "integrity": "sha512-3ouUOpQhtgrbOa17J7+uxOTpITYWaGP7/AhoR3+A+/1e9skrzelGi/dXzEYyvbxubEF6Wn2ypscTKiKJFFn1ag==",
        "dependencies": {}
      },
      "queue-tick@1.0.1": {
        "integrity": "sha512-kJt5qhMxoszgU/62PLP1CJytzd2NKetjSRnyuj31fDd3Rlcz3fzlFdFLD1SItunPwyqEOkca6GbV612BWfaBag==",
        "dependencies": {}
      },
      "readable-stream@2.3.8": {
        "integrity": "sha512-8p0AUk4XODgIewSi0l8Epjs+EVnWiK7NoDIEGU0HhE7+ZyY8D1IMY7odu5lRrFXGg71L15KG8QrPmum45RTtdA==",
        "dependencies": {
          "core-util-is": "core-util-is@1.0.3",
          "inherits": "inherits@2.0.4",
          "isarray": "isarray@1.0.0",
          "process-nextick-args": "process-nextick-args@2.0.1",
          "safe-buffer": "safe-buffer@5.1.2",
          "string_decoder": "string_decoder@1.1.1",
          "util-deprecate": "util-deprecate@1.0.2"
        }
      },
      "readable-stream@3.6.2": {
        "integrity": "sha512-9u/sniCrY3D5WdsERHzHE4G2YCXqoG5FTHUiCC4SIbr6XcLZBY05ya9EKjYek9O5xOAwjGq+1JdGBAS7Q9ScoA==",
        "dependencies": {
          "inherits": "inherits@2.0.4",
          "string_decoder": "string_decoder@1.3.0",
          "util-deprecate": "util-deprecate@1.0.2"
        }
      },
      "readdir-glob@1.1.3": {
        "integrity": "sha512-v05I2k7xN8zXvPD9N+z/uhXPaj0sUFCe2rcWZIpBsqxfP7xXFQ0tipAd/wjj1YxWyWtUS5IDJpOG82JKt2EAVA==",
        "dependencies": {
          "minimatch": "minimatch@5.1.6"
        }
      },
      "safe-buffer@5.1.2": {
        "integrity": "sha512-Gd2UZBJDkXlY7GbJxfsE8/nvKkUEU1G38c1siN6QP6a9PT9MmHB8GnpscSmMJSoF8LOIrt8ud/wPtojys4G6+g==",
        "dependencies": {}
      },
      "safe-buffer@5.2.1": {
        "integrity": "sha512-rp3So07KcdmmKbGvgaNxQSJr7bGVSVk5S9Eq1F+ppbRo70+YeaDxkw5Dd8NPN+GD6bjnYm2VuPuCXmpuYvmCXQ==",
        "dependencies": {}
      },
      "streamx@2.15.6": {
        "integrity": "sha512-q+vQL4AAz+FdfT137VF69Cc/APqUbxy+MDOImRrMvchJpigHj9GksgDU2LYbO9rx7RX6osWgxJB2WxhYv4SZAw==",
        "dependencies": {
          "fast-fifo": "fast-fifo@1.3.2",
          "queue-tick": "queue-tick@1.0.1"
        }
      },
      "string_decoder@1.1.1": {
        "integrity": "sha512-n/ShnvDi6FHbbVfviro+WojiFzv+s8MPMHBczVePfUpDJLwoLT0ht1l4YwBCbi8pJAveEEdnkHyPyTP/mzRfwg==",
        "dependencies": {
          "safe-buffer": "safe-buffer@5.1.2"
        }
      },
      "string_decoder@1.3.0": {
        "integrity": "sha512-hkRX8U1WjJFd8LsDJ2yQ/wWWxaopEsABU1XfkM8A+j0+85JAGppt16cr1Whg6KIbb4okU6Mql6BOj+uup/wKeA==",
        "dependencies": {
          "safe-buffer": "safe-buffer@5.2.1"
        }
      },
      "tar-stream@3.1.6": {
        "integrity": "sha512-B/UyjYwPpMBv+PaFSWAmtYjwdrlEaZQEhMIBFNC5oEG8lpiW8XjcSdmEaClj28ArfKScKHs2nshz3k2le6crsg==",
        "dependencies": {
          "b4a": "b4a@1.6.4",
          "fast-fifo": "fast-fifo@1.3.2",
          "streamx": "streamx@2.15.6"
        }
      },
      "util-deprecate@1.0.2": {
        "integrity": "sha512-EPD5q1uXyFxJpCrLnCc1nHnq3gOa6DZBocAIiI2TaSCA7VCJ1UJDMagCzIkXNsUYfD1daK//LTEQ8xiIbrHtcw==",
        "dependencies": {}
      },
      "wrappy@1.0.2": {
        "integrity": "sha512-l4Sp/DRseor9wL6EvV2+TuQn63dMkPjZ/sp9XkghTEbV9KlPS1xUsZ3u7/IQO4wxtcFB4bgpQPRcR3QCvezPcQ==",
        "dependencies": {}
      },
      "zip-stream@5.0.1": {
        "integrity": "sha512-UfZ0oa0C8LI58wJ+moL46BDIMgCQbnsb+2PoiJYtonhBsMh2bq1eRBVkvjfVsqbEHd9/EgKPUuL9saSSsec8OA==",
        "dependencies": {
          "archiver-utils": "archiver-utils@4.0.1",
          "compress-commons": "compress-commons@5.0.1",
          "readable-stream": "readable-stream@3.6.2"
        }
      }
    }
  },
  "redirects": {
    "https://esm.sh/v135/@types/capitalize@~2.0/index.d.ts": "https://esm.sh/v135/@types/capitalize@2.0.2/index.d.ts",
    "https://esm.sh/v135/@types/exif@~0.6/index.d.ts": "https://esm.sh/v135/@types/exif@0.6.5/index.d.ts",
    "https://esm.sh/v135/@types/js-beautify@~1.14/index.d.ts": "https://esm.sh/v135/@types/js-beautify@1.14.3/index.d.ts",
    "https://esm.sh/v135/@types/markdown-it@latest/index.d.ts": "https://esm.sh/v135/@types/markdown-it@13.0.7/index.d.ts"
  },
  "remote": {
    "https://deno.land/std@0.210.0/dotenv/mod.ts": "55d51d0c244da70e10ccbbdb68644064ce19c8af1683289d16ac802ceef64c8c",
    "https://deno.land/std@0.210.0/dotenv/parse.ts": "d76ff5a59bd7c374a40249dc28bd15c740da0428559c838b1ea5644f561bff20",
    "https://deno.land/std@0.210.0/dotenv/stringify.ts": "df8c503a9d46c567f1daa6554211dcfbe05179f9b3ca3d9adc9d92a14987442e",
    "https://deno.land/std@0.210.0/encoding/_util.ts": "f368920189c4fe6592ab2e93bd7ded8f3065b84f95cd3e036a4a10a75649dcba",
    "https://deno.land/std@0.210.0/encoding/base64.ts": "cdc3810253462ccc7b2818429c1613e581f7999ff1ff5b0a6854e0cc38caffeb",
    "https://deno.land/x/openai@v4.24.1/_shims/MultipartBody.ts": "fe06a56b54ae358c9cf99823096e34b36795fdba2e17513f0e9539210edd797d",
    "https://deno.land/x/openai@v4.24.1/_shims/mod.ts": "df7a905c0bd873d3dab745b9c63403594b1804131b5f533e1e72a2f2747cba74",
    "https://deno.land/x/openai@v4.24.1/core.ts": "f63dd18846582debcbf9834b944f1a65c879b6f9624466d97198291dc0915400",
    "https://deno.land/x/openai@v4.24.1/error.ts": "82962c51d5894159afc3351e31133eacad9405674ea03c8ccd5ce071b88d5ebf",
    "https://deno.land/x/openai@v4.24.1/lib/AbstractChatCompletionRunner.ts": "0b2442b11f59559f1e8d67b2083dd948a7e9d1b7163de968dd290255c19242ce",
    "https://deno.land/x/openai@v4.24.1/lib/ChatCompletionRunner.ts": "0d1cc40d99cd64b7d573ab95f9cb75750f24f9829da91e12573122842985a2d0",
    "https://deno.land/x/openai@v4.24.1/lib/ChatCompletionStream.ts": "c7a6fa2e25819ff85ef5eb2ad1c912d19615cf8550129151837bc0cc31f31e77",
    "https://deno.land/x/openai@v4.24.1/lib/ChatCompletionStreamingRunner.ts": "9bcaae3760dd5f9b54d5d4b2ba79b8731bb3dc79214c26e5d0bbdfe809747dd2",
    "https://deno.land/x/openai@v4.24.1/lib/RunnableFunction.ts": "f45a16776de983da6b65e5748eb2c581b6ea9d3849bda0026f24659cf0be2d2c",
    "https://deno.land/x/openai@v4.24.1/lib/chatCompletionUtils.ts": "4991d3e698a54f8e4273eb0f1d73851f7ba549a0a32fabbcd739627677003cb9",
    "https://deno.land/x/openai@v4.24.1/lib/jsonschema.ts": "ed31a7861e19e505c43aa7612579b2739243ee8e8dd47ccb5f8908fa5ff3b5f0",
    "https://deno.land/x/openai@v4.24.1/mod.ts": "d4e7be3173ac239231d40b32c94fad4bc620f83676f672d441252daa02b06d8f",
    "https://deno.land/x/openai@v4.24.1/pagination.ts": "43a99777ce4e7c51ab2718d709e9f5acfbf5a21d3b17de5a53bb6a74923bf410",
    "https://deno.land/x/openai@v4.24.1/resource.ts": "ab3af12d680ecd58fad8f1ff5cd64b48314155bfbd1c4498d1cadd914f8a1316",
    "https://deno.land/x/openai@v4.24.1/resources/audio/audio.ts": "5e29281f42c8938e9ae93284fc360b4d7fa9c21cd79fe03a48e98e8b317edab0",
    "https://deno.land/x/openai@v4.24.1/resources/audio/speech.ts": "0a559eacfa16a3b69d96cd1ef8f6dad903ba28cf031f641ae2bfd4238e104352",
    "https://deno.land/x/openai@v4.24.1/resources/audio/transcriptions.ts": "3b6881e3c4ab19a0946f7bc5f91c2e64eefcf8e37fd715ab464d0dc27590df1c",
    "https://deno.land/x/openai@v4.24.1/resources/audio/translations.ts": "9785bc24a8a555e06898a029f943169934f15051862cf7e824f32defdc19d485",
    "https://deno.land/x/openai@v4.24.1/resources/beta/assistants/assistants.ts": "e53e8edb16a1c794a84148a140ddf7e64f0d8c09f557e3925e0ce4972885f7be",
    "https://deno.land/x/openai@v4.24.1/resources/beta/assistants/files.ts": "a923a0ae4f8f7a2953709ba97e7849e212c62571fd6075670ee695b5ed6eb117",
    "https://deno.land/x/openai@v4.24.1/resources/beta/beta.ts": "fbcb0b5065cd8093173544282a9208e6f6b89f66b5dbe62c420cd3ad5fa6aff8",
    "https://deno.land/x/openai@v4.24.1/resources/beta/chat/chat.ts": "27c8bfae3bd25d2c7a76e61af3bb63dbf39406ee826282fb1f1502bd5b577cd3",
    "https://deno.land/x/openai@v4.24.1/resources/beta/chat/completions.ts": "e7d1937f3c60fd04381f0104f640eb69c9371a42153e0583da4638a8b5b15c6a",
    "https://deno.land/x/openai@v4.24.1/resources/beta/threads/messages/files.ts": "bd50ec629f6216944a42455ea5f9ec992885df346637f46ede3a4c71fb04246f",
    "https://deno.land/x/openai@v4.24.1/resources/beta/threads/messages/messages.ts": "34ac0d56bf22a5fe6d7853d8c921b81f35817dc76ce7875f7763101bd7449544",
    "https://deno.land/x/openai@v4.24.1/resources/beta/threads/runs/runs.ts": "67cd41f5cbbdc6b6344886219ed881498c9a2d67ee9551ba5675560afe67d0e9",
    "https://deno.land/x/openai@v4.24.1/resources/beta/threads/runs/steps.ts": "74cab30e50485eb1a14c6a4430ed4e9976115c06f09ffff009d8b0818849d7d1",
    "https://deno.land/x/openai@v4.24.1/resources/beta/threads/threads.ts": "c38ee69e89a6ca36de824fd4b6997c77ac603aa928ffb97ea3e3614a12e34ee4",
    "https://deno.land/x/openai@v4.24.1/resources/chat/chat.ts": "f620f47df83efa5d32520c894223133a3f94e0358462b7937df45f1a588e3960",
    "https://deno.land/x/openai@v4.24.1/resources/chat/completions.ts": "4904cfef68848f9e182fdce5c6a6d2d8de122cd0bec3f326db99f6fe67183a79",
    "https://deno.land/x/openai@v4.24.1/resources/chat/mod.ts": "220d4b7ae6c7b901594371308b2f397fe1d736ae039b6e400cbdad843c791fc4",
    "https://deno.land/x/openai@v4.24.1/resources/completions.ts": "4cbcbceb2c7f5bc5f9ac39698ca62cad2a2127efaad0d50ee04aff06d3fdb79e",
    "https://deno.land/x/openai@v4.24.1/resources/edits.ts": "847a392dfe2d6a3614a20f46e013acaeb06e69de40a4106b012cb99f02fcfc23",
    "https://deno.land/x/openai@v4.24.1/resources/embeddings.ts": "f607d76d445c6314e43a6816ab7a5e39e1ef33efdbc0ae1c1b5313e4cede9866",
    "https://deno.land/x/openai@v4.24.1/resources/files.ts": "16c77abc27196a66692b1b1b34f424b56174d77859d9d9206c8f7827ae4448be",
    "https://deno.land/x/openai@v4.24.1/resources/fine-tunes.ts": "d4b7f4d758b0bfe6e5350d58ebe57150aa3426dc5143ec5815b4e231adffff0f",
    "https://deno.land/x/openai@v4.24.1/resources/fine-tuning/fine-tuning.ts": "c6021ccd5d6f062e6d6178882fba60fdfe51d5f54a0fd45a62d0823b21ca3314",
    "https://deno.land/x/openai@v4.24.1/resources/fine-tuning/jobs.ts": "9a619aa3f433ab24f8847129329e3d6105f4f59d4a02853e40097c1c423dcbff",
    "https://deno.land/x/openai@v4.24.1/resources/images.ts": "ac7153dd8bb7bdc93efb2ad2868a7acca5688f942936988273e23378a660a345",
    "https://deno.land/x/openai@v4.24.1/resources/mod.ts": "a2217f5ca1dfb6d64f752c673ac0348e85808cf956616571b203365ffe8e002d",
    "https://deno.land/x/openai@v4.24.1/resources/models.ts": "83f81fc5075a6ac2cdb6515014b7e9ce0d311f698ea416e8bf305573786ea809",
    "https://deno.land/x/openai@v4.24.1/resources/moderations.ts": "e3ebf9638af6c18e9a9ea875d1397580a501890ed9bd6710b2248a1b21bec30a",
    "https://deno.land/x/openai@v4.24.1/resources/shared.ts": "919082a633e2b16e9d83fd5e9af3b26af3dc24bbadf2e20c2862226b833de414",
    "https://deno.land/x/openai@v4.24.1/streaming.ts": "f360cf909b07562330ca75470ae26eecdc35f176af424b0f74ab673a5b242782",
    "https://deno.land/x/openai@v4.24.1/uploads.ts": "96dbd9e7e7b5a9bc3ff38e81f6c1372c2cdce28b38c704cd61c7daeb5494b6f9",
    "https://deno.land/x/openai@v4.24.1/version.ts": "22ce71a7c8cb942f16a2d3128b9f508a7018c05b9d6a483f9b7a33df5d2f7c12",
    "https://esm.sh/stable/preact@10.19.3/denonext/compat.js": "935ad77197ac816aea4864fb0e3ebd3ca4bf49e6790970563b64b33d6e99e660",
    "https://esm.sh/stable/preact@10.19.3/denonext/hooks.js": "f0a6fb8af69e7ad8aaaee8617eba19c243a97daf59368440773b9755c8bfa703",
    "https://esm.sh/stable/preact@10.19.3/denonext/preact.mjs": "56bdea10da1452aff749df2c9371c1368a90449cc53c522fa2e332327b33a860",
    "https://esm.sh/v135/@xstate/react@4.0.2/X-ZS9yZWFjdCx4c3RhdGU/denonext/react.mjs": "a99c261f6c2864e1ea8d49331904d3da3b2a1625c6993643dda73b6e7c322a08",
    "https://esm.sh/v135/@xstate/react@4.0.2?external=react,xstate": "25197bebdceda16b519708eef13b095b2dfa2c97e379e7b954dd534ea4d4ad79",
    "https://esm.sh/v135/@xstate/react@4.1.1/X-ZS9yZWFjdCx4c3RhdGU/denonext/react.mjs": "48e3007337bb497f599c3d5a4bb6aa57b778386dd3cd6e5ae3d29a6b31f89644",
    "https://esm.sh/v135/@xstate/react@4.1.1?external=react,xstate": "247c5c67d4feec27d934a1c2a0bc8cc9b976cac4e393abb618e6ec482a836745",
    "https://esm.sh/v135/capitalize@2.0.4": "4ef85eccb7861ac199c2c3ecbc61cee862b2234e30fa4e4f40773f536847bbed",
    "https://esm.sh/v135/capitalize@2.0.4/denonext/capitalize.mjs": "28589c9282df034658df45689e9f2087c235414866ddf39b064168c5583eed2e",
    "https://esm.sh/v135/chalk@5.3.0": "c6d525e5551f7cfac029db68058a4ae44a49dcbc7a5a792850a04e655e8702f9",
    "https://esm.sh/v135/chalk@5.3.0/denonext/chalk.mjs": "3943aef3775b1bb1c19ed547ef6d4ab66cb3f417595fd1dd70366878607cf9bf",
    "https://esm.sh/v135/debug@2.6.9/denonext/debug.mjs": "7f9108f68aa2405666a7eaaac594d67edf26a431364a01d304d2a4daedcf3e5e",
    "https://esm.sh/v135/entities@4.5.0/denonext/entities.mjs": "a9e8f9c22022c34755d1189030ac30c68545ccf8532fa32654c50fe9d90a13a1",
    "https://esm.sh/v135/entities@4.5.0/denonext/lib/decode.js": "7fea6d8bd725edbbf7ea05031d2ea1bbbc1166dc11e3345d541198dd2dc16f1e",
    "https://esm.sh/v135/entities@4.5.0/denonext/lib/escape.js": "7ebdc622bf3618bab25db40da4a49e2b9d03f044745f125f0bc3359f2d060def",
    "https://esm.sh/v135/exif@0.6.0": "55dff551104c83ecf42b58e2d3d51d6cf0b0c79162656d2fc4b90220b9a86398",
    "https://esm.sh/v135/exif@0.6.0/denonext/exif.mjs": "2a358651597c4225b9745a003c7e2dfc5de386e8541255b35ab6c7267c2b6d72",
    "https://esm.sh/v135/htm@3.1.1": "618fdb44f13eae1da6c01bfee68f97bf0b37d784d12eabacc85e5d306ebd1310",
    "https://esm.sh/v135/htm@3.1.1/denonext/htm.mjs": "55f083f3845f9c95510d21ce5d3ba24151dc625a23191b76c5ffbf00d14ed29a",
    "https://esm.sh/v135/image-size@1.0.2": "61079856d7c5faecc7757c5ff10b2965a6d885162f2e8fa5895de99710f2423f",
    "https://esm.sh/v135/image-size@1.0.2/denonext/image-size.mjs": "7338fa6a4bfb32b373b30c4fd7c4799b32523e48e106d85abeab36ab71bc2ccb",
    "https://esm.sh/v135/inherits@2.0.4/denonext/inherits.mjs": "8095f3d6aea060c904fb24ae50f2882779c0acbe5d56814514c8b5153f3b4b3b",
    "https://esm.sh/v135/js-beautify@1.14.11": "ac761d8a8a6b0db24474623840c77cfa114cc15c6d0d5eccf592df1a2c5bb57e",
    "https://esm.sh/v135/js-beautify@1.14.11/denonext/js-beautify.mjs": "98b7066a4986e44e04c6e5216628f5abce4f5d54ec63e0d8369e93f44a9bd940",
    "https://esm.sh/v135/linkify-it@5.0.0/denonext/lib/re.js": "6892baff044bc96333177e4cdf3d219629f612c3e41c39d3ac3ea42b9084291e",
    "https://esm.sh/v135/linkify-it@5.0.0/denonext/linkify-it.mjs": "47f008410ff982e5f5c29031d5d4e6577ca9e53b13b8a4b85ebfbad7c73adf0a",
    "https://esm.sh/v135/markdown-it-deflist@3.0.0": "e64a5a0d167df13997fcd2879eeb91e6abb1606051e8681954405c0edbf4fec5",
    "https://esm.sh/v135/markdown-it-deflist@3.0.0/denonext/markdown-it-deflist.mjs": "46f98a9584c8b6def571d78b7cf79ecd609e91963a72f7b3c7cd13c8e82105b5",
    "https://esm.sh/v135/markdown-it@14.0.0": "49bc06625cc1ce47cb7b6b3f196690a24356621589121d5fb21c5fe749de103a",
    "https://esm.sh/v135/markdown-it@14.0.0/denonext/lib.js": "4a2a796b74dfe9d8f048368b7698facab293cf9b56ea2cae8dfb0c908418e633",
    "https://esm.sh/v135/markdown-it@14.0.0/denonext/lib/common/html_blocks.js": "8db7f24a4599b99778a430f582dad23cdc283ca7c32962b66e9210deda4e9d07",
    "https://esm.sh/v135/markdown-it@14.0.0/denonext/lib/common/html_re.js": "aa9c8bd21d8373df4df0bb059275b4acbcbb22936fa215d0ce822d57ca403a67",
    "https://esm.sh/v135/markdown-it@14.0.0/denonext/lib/common/utils.js": "f2054d2c802196c9f5651c9acfc63b88d47b898f5a746620eb135337595267e7",
    "https://esm.sh/v135/markdown-it@14.0.0/denonext/lib/helpers.js": "2aa7f9ff62cc49edcac37ccd15cd424369920e0a1aa8158273ce5afeecdad29b",
    "https://esm.sh/v135/markdown-it@14.0.0/denonext/lib/helpers/parse_link_destination.js": "f51675ac49a867ef7914bafb886e3e5ba5a46143d48f47a6c24f2d4f0f9bc6d2",
    "https://esm.sh/v135/markdown-it@14.0.0/denonext/lib/helpers/parse_link_label.js": "41ee322ae5403ec08e57ef56b8d8f4a70b0524ddf16873d25585cc90a5da06ba",
    "https://esm.sh/v135/markdown-it@14.0.0/denonext/lib/helpers/parse_link_title.js": "511a33bb5853cf6116db3608a38ba9544d6b84512a4c8ce5989664a228707b0e",
    "https://esm.sh/v135/markdown-it@14.0.0/denonext/lib/parser_block.js": "3c3b664a0796e52230d46fe63452f5fab23ec2e1e11cfa3a215fb5229145f0a6",
    "https://esm.sh/v135/markdown-it@14.0.0/denonext/lib/parser_core.js": "51d5932663b5326400276b743395bae3c5cda5cfca316b77b0a3d8b2d418714b",
    "https://esm.sh/v135/markdown-it@14.0.0/denonext/lib/parser_inline.js": "1634dbeff3f82999a002977f1420b778debd09fc3fc18f35db19c53c2192cc44",
    "https://esm.sh/v135/markdown-it@14.0.0/denonext/lib/presets/commonmark.js": "2022c0a0cc28d85dce4f9996c7c583976f64d76529b57940e44c096f4a3e0f70",
    "https://esm.sh/v135/markdown-it@14.0.0/denonext/lib/presets/default.js": "7e9cb0fdafe4901e912f1f0d067ebe28c153783601d218945b83a5efd7a10823",
    "https://esm.sh/v135/markdown-it@14.0.0/denonext/lib/presets/zero.js": "1772a10d5e64a6767f0c4df57401cf427ba6e8c704d6fa503cfe459453525651",
    "https://esm.sh/v135/markdown-it@14.0.0/denonext/lib/renderer.js": "40a06fe04f052b0818555f8f003341b683d1600cb2aeb5d250a5eed6ac46f6be",
    "https://esm.sh/v135/markdown-it@14.0.0/denonext/lib/ruler.js": "b5a8cc2ba3439ef469a0c566a4f6884f57e338e8baef91c4fc002d971e09ff18",
    "https://esm.sh/v135/markdown-it@14.0.0/denonext/lib/rules_block/blockquote.js": "92057619e50f5f4eb21a772f2ecc17862cfd7e5625d672379870c72b151b6dc9",
    "https://esm.sh/v135/markdown-it@14.0.0/denonext/lib/rules_block/code.js": "a8d876ada6acae61ca0f1143f0886f88267a394371f1c825d1cab2b89fc51b7a",
    "https://esm.sh/v135/markdown-it@14.0.0/denonext/lib/rules_block/fence.js": "d3eef6e3553544419abcae8f53cb197ef072c98ef0e6dcc24e44ed7845a0987b",
    "https://esm.sh/v135/markdown-it@14.0.0/denonext/lib/rules_block/heading.js": "adbe57ded854d83557ddd9fb8b1018989f040f7c6393c3332b70751f7893aab6",
    "https://esm.sh/v135/markdown-it@14.0.0/denonext/lib/rules_block/hr.js": "ccf59450fbff9b8e744cc72a740dfad87ffb0512c80036e503617b5bd5fb20f3",
    "https://esm.sh/v135/markdown-it@14.0.0/denonext/lib/rules_block/html_block.js": "088a529ab14ea59171feebf4ed0578ee13e8dd2f1a75c40ed69cf6ed9b587db6",
    "https://esm.sh/v135/markdown-it@14.0.0/denonext/lib/rules_block/lheading.js": "4db152b8e8075289eced9da69d7c1ca3fb4cdc628afe986fcd59ac20efe0843d",
    "https://esm.sh/v135/markdown-it@14.0.0/denonext/lib/rules_block/list.js": "636484013a5c0bb9a89d2a4c8723e2b355f59f15679daf62206d851d4e9a7377",
    "https://esm.sh/v135/markdown-it@14.0.0/denonext/lib/rules_block/paragraph.js": "034dfa197e9252740a63538ec59ce38ed33ecd91f0d4136dc2c1a1d1932b98c3",
    "https://esm.sh/v135/markdown-it@14.0.0/denonext/lib/rules_block/reference.js": "203c21dda0f14c213b4cccf4f37216594c26e020ebd33228c34d9f993029b38e",
    "https://esm.sh/v135/markdown-it@14.0.0/denonext/lib/rules_block/state_block.js": "778f372a4953c5547982dc41eddb956b121718ca11b49d25ed4f977a249b22e3",
    "https://esm.sh/v135/markdown-it@14.0.0/denonext/lib/rules_block/table.js": "08770f89b0ed9b75075df6c40440a9562a3e70cd8dfa72aae226c32df4c75e79",
    "https://esm.sh/v135/markdown-it@14.0.0/denonext/lib/rules_core/block.js": "08a227f9a5a09d20baf4911cd70fb904dc4f488a1ed87dd68f0db6d9bc38a89b",
    "https://esm.sh/v135/markdown-it@14.0.0/denonext/lib/rules_core/inline.js": "5cfecf56d9b9992c31dc1ed6d4a227fff306e9654b1f546bd4d47fa8305f87f0",
    "https://esm.sh/v135/markdown-it@14.0.0/denonext/lib/rules_core/linkify.js": "07294d40f08a4eb8decdfb209a5c9a533148feac695128a371522864c9655f53",
    "https://esm.sh/v135/markdown-it@14.0.0/denonext/lib/rules_core/normalize.js": "4c2883681eb22d5255fe18f0037483e0c4cc3b46795ec985f459c67934f2380f",
    "https://esm.sh/v135/markdown-it@14.0.0/denonext/lib/rules_core/replacements.js": "c01d19d82957238adc7919c6be0db744a5cdb01c74961264e5b83728481db404",
    "https://esm.sh/v135/markdown-it@14.0.0/denonext/lib/rules_core/smartquotes.js": "9cdcc726bd305496ca2b2dbc255f65d09dcba5194fd9efa3391aa2040b397323",
    "https://esm.sh/v135/markdown-it@14.0.0/denonext/lib/rules_core/state_core.js": "c5418b4274dc0e5fa1db6377d8ab5a103767ab0871def2cf26f63667c211621a",
    "https://esm.sh/v135/markdown-it@14.0.0/denonext/lib/rules_core/text_join.js": "74313e078f07d0bbb440c060d8683a6074f00203a04e35bfc01d39d3ac04d40e",
    "https://esm.sh/v135/markdown-it@14.0.0/denonext/lib/rules_inline/autolink.js": "645c40c7f0aa03f8b5644ac6212eb98e82632b3c4e0ec2f2e1bcf347724680b5",
    "https://esm.sh/v135/markdown-it@14.0.0/denonext/lib/rules_inline/backticks.js": "f425c7f302dec169e0af36a5f039e5c9cfd105c10f84f9da68df53e5353cfbf9",
    "https://esm.sh/v135/markdown-it@14.0.0/denonext/lib/rules_inline/balance_pairs.js": "bdc3fe015f5165416ba4b53654189fb25bb5de1844c3d716fe287fc4d517f617",
    "https://esm.sh/v135/markdown-it@14.0.0/denonext/lib/rules_inline/emphasis.js": "c7cc013ddcdf72dfc3fbfc6b899c4b0f6d1c343a0d5d7da07cebd121288dfcae",
    "https://esm.sh/v135/markdown-it@14.0.0/denonext/lib/rules_inline/entity.js": "8cbc87da5d2009f86751488319da88ae5c05769576f27e2f821d8c4939111a00",
    "https://esm.sh/v135/markdown-it@14.0.0/denonext/lib/rules_inline/escape.js": "6d8d2e2aa09ca57a741aac8600c76f8e94af69d0d70ca746b37dc84bb5e88d7a",
    "https://esm.sh/v135/markdown-it@14.0.0/denonext/lib/rules_inline/fragments_join.js": "bc387af23a2b528473a80a3d9a5d147f44a550ab9d7a957c6928b1a9f56e904a",
    "https://esm.sh/v135/markdown-it@14.0.0/denonext/lib/rules_inline/html_inline.js": "ebbc896301e36aaa5fc800c050924b25cd1560530712518a240a9ba880aef5b4",
    "https://esm.sh/v135/markdown-it@14.0.0/denonext/lib/rules_inline/image.js": "f668e16d41a195c0d880046cb5c557f312c371817099fc9524ab370e4872892e",
    "https://esm.sh/v135/markdown-it@14.0.0/denonext/lib/rules_inline/link.js": "ba81ed1fda61b2c6cba62da5275b006fa309358b11eb29afd0626a9ba16756dd",
    "https://esm.sh/v135/markdown-it@14.0.0/denonext/lib/rules_inline/linkify.js": "0cf0bb168c980c357ca09682c857bc1ea5602cca9c469f2e6656619f3173adb0",
    "https://esm.sh/v135/markdown-it@14.0.0/denonext/lib/rules_inline/newline.js": "b7f09ebff7e5bc62d0d1afb41c3ce5d9410b8548fd47f59ef31bac1b9bb0aaf1",
    "https://esm.sh/v135/markdown-it@14.0.0/denonext/lib/rules_inline/state_inline.js": "dc9976fb2ac2f08573ffc05cae668d56563d13153d1702b2e037681b1467c30b",
    "https://esm.sh/v135/markdown-it@14.0.0/denonext/lib/rules_inline/strikethrough.js": "284ec202b9108d3510eca72d032593f8cf1164864927e65a0aba78e28174ab35",
    "https://esm.sh/v135/markdown-it@14.0.0/denonext/lib/rules_inline/text.js": "17880a26fb18deba687f8635f6235832923aa7e9aaa042e13b571995a18f2d20",
    "https://esm.sh/v135/markdown-it@14.0.0/denonext/lib/token.js": "fd7e2600c55161ee0719e41646bfe0dfac7ce8f50cf702621995d7c676a9cb23",
    "https://esm.sh/v135/markdown-it@14.0.0/denonext/markdown-it.mjs": "dcc0e005c23e2f9ad1dd449e99ec80e1c5bca43aa88b5f98972f3d7aa3ab101d",
    "https://esm.sh/v135/mdurl@2.0.0/denonext/lib/decode.js": "c74a34cf087d5255fae0837956cedb6e377f4437616eddaebeadf9bddded933e",
    "https://esm.sh/v135/mdurl@2.0.0/denonext/lib/encode.js": "e3c0f88fbf8b8fe33d1738cbf1be8114330d5c50755063569da5e64b1c3cdb1c",
    "https://esm.sh/v135/mdurl@2.0.0/denonext/lib/format.js": "de5936230b5d2deaef606fb34605db69864c24aa20c2bd18ffd8282d5a8bf75f",
    "https://esm.sh/v135/mdurl@2.0.0/denonext/lib/parse.js": "3c8aea401dd4f18f13b1261878c28845be418ed31860309b2d072a9f8b1e061b",
    "https://esm.sh/v135/mdurl@2.0.0/denonext/mdurl.mjs": "6c7423f2e5959f009939005fb243420436a58b2663291c1ffaf9bc9c3dbc93f7",
    "https://esm.sh/v135/mkdirp@3.0.1": "e4ba8ce97835d9d71b7c1ba04c38803f5d085ea0c8d71b539f1088572335c3d9",
    "https://esm.sh/v135/mkdirp@3.0.1/denonext/mkdirp.mjs": "7284a416dbe7a4b5d008bf883d1fc275a51ff884fa9e5cfc904f923b0839eed6",
    "https://esm.sh/v135/ms@2.0.0/denonext/ms.mjs": "3d3c2d9fc775a062db98f0d6da4e660539a5a2f3fc30a017f8381c48e06eb547",
    "https://esm.sh/v135/preact-render-to-string@6.3.1/X-ZS9wcmVhY3Q/denonext/preact-render-to-string.mjs": "bcaceb8c3938310aee3dd4f7b6f2136cf0b2b890988c2e6679485e052e76e920",
    "https://esm.sh/v135/preact-render-to-string@6.3.1?external=preact": "67e6a21c9e1ca49eab7ad9c7d0adbf62e16c8680d688d747ab53f9fb6663aafd",
    "https://esm.sh/v135/preact@10.19.3": "8a3e9b595ba7e875e03693798b455d7846e54e34e1946e20c87a4945677ffea5",
    "https://esm.sh/v135/preact@10.19.3/compat": "c5fbcd279d5494093088811a14f930532c8c1ea215e2ec162e2404c5d9ead552",
    "https://esm.sh/v135/preact@10.19.3/hooks": "6dd98b98c46687829ec68f96a1582a8a479cac55cdf1342485df55a6157b0de4",
    "https://esm.sh/v135/punycode.js@2.3.1/denonext/punycode.mjs": "0700087229bba370aa7c7675d78eb97a7c2f6d928ee7a6dc44eb149ca2f9af50",
    "https://esm.sh/v135/queue@6.0.2/denonext/queue.mjs": "e5e9088fe265f6848c58500787521871f015dc924d3bc4d2fd7497eed22e5e69",
    "https://esm.sh/v135/uc.micro@2.0.0/denonext/categories/Cc/regex.js": "744a390283ba7aa58d13a38643b9cbe1a86af34528fd88b2490fec064d1770c1",
    "https://esm.sh/v135/uc.micro@2.0.0/denonext/categories/Cf/regex.js": "dc93f7ab986d74703f189240ea10d955a5661c3ce045d204697417f3ef223621",
    "https://esm.sh/v135/uc.micro@2.0.0/denonext/categories/P/regex.js": "8dc6fb06fac90c8e55331bc583025509377c1750c254cf254e886e602f496d05",
    "https://esm.sh/v135/uc.micro@2.0.0/denonext/categories/Z/regex.js": "3c99c1ce8b59cd19e89c83f383b5e1b45bc3c518de0a20138c180821cda4a7ce",
    "https://esm.sh/v135/uc.micro@2.0.0/denonext/properties/Any/regex.js": "aa050de4a87a52585c566240163ba6de5d66f1c447e1ed0fc7995b0a249b4b8f",
    "https://esm.sh/v135/uc.micro@2.0.0/denonext/uc.micro.mjs": "928617fd0acc39ec46314fcf11f24764232e9dc20d0b1ce98a52b7e555ec66fb",
    "https://esm.sh/v135/use-isomorphic-layout-effect@1.1.2/X-ZS9yZWFjdCx4c3RhdGU/denonext/use-isomorphic-layout-effect.mjs": "076fd9432f3a02982dc417fb78cf32a1bdd202d85d0ce390554bb12fbae4ad70",
    "https://esm.sh/v135/use-sync-external-store@1.2.0/X-ZS9yZWFjdCx4c3RhdGU/denonext/shim.js": "37e3c7d40c8197daac8a39b77b97e026fcbc5ee3cc80c48a9057473631dcb247",
    "https://esm.sh/v135/use-sync-external-store@1.2.0/X-ZS9yZWFjdCx4c3RhdGU/denonext/shim/with-selector.js": "655284f36fddf326023fc843646a363c0b38c2edbcb65f303c2292abdc506b30",
    "https://esm.sh/v135/use-sync-external-store@1.2.2/X-ZS9yZWFjdCx4c3RhdGU/denonext/shim.js": "ecbc9772ce169926c0c5d345375d3fe9def2762680c596a1f8ef8557839f4f05",
    "https://esm.sh/v135/use-sync-external-store@1.2.2/X-ZS9yZWFjdCx4c3RhdGU/denonext/shim/with-selector.js": "616f3bc20f7cb65b0bcaed96c13231a25b192aa5d88bd1b2d5f7828c6d7f1d0a",
    "https://esm.sh/v135/xstate@5.17.1": "c732f4a60fa12b0887dad6d2e97377a2d0fcf5c684b16f365396e9cd9d17ca5a",
    "https://esm.sh/v135/xstate@5.17.1/denonext/actors.js": "43db7341b1a72bb1a6a38f4886e5097b20a7f12b3f458c53caa692b56a4876ca",
    "https://esm.sh/v135/xstate@5.17.1/denonext/dev.js": "f0e4188a0db75f16b56e17bdafd2031e7f51e15a507185135f92bb6e43aa1efd",
    "https://esm.sh/v135/xstate@5.17.1/denonext/xstate.mjs": "fb5d79e7490aa60ea25078813aec1f894ed7078591a731653d01a2a0126bebfd",
    "https://esm.sh/v135/xstate@5.4.1": "5102910d5acaf68f7cf0db3eeba305239bfa76a00a0e194224f8582f1e820a66",
    "https://esm.sh/v135/xstate@5.4.1/denonext/actors.js": "ed7a0811518546ae239fd3e78b89faa52c9c077671864a5547858f34741b1d54",
    "https://esm.sh/v135/xstate@5.4.1/denonext/dev.js": "5801dc3414953b7c325c9d5d43a73dd303ab10344ce337e0fcee62a21546e0a9",
    "https://esm.sh/v135/xstate@5.4.1/denonext/xstate.mjs": "a3f2e4a8a34dccde78f747ab306b904c343dbd940b03a4b9994201b6f534f0c7"
  },
  "workspace": {
    "dependencies": [
      "npm:archiver@6.0.1"
    ],
    "packageJson": {
      "dependencies": [
        "npm:@playwright/test@^1.45.3",
        "npm:is-url@^1.2.4",
        "npm:node-fetch@^3.3.2",
        "npm:playwright@^1.45.3",
        "npm:wasm-vips@^0.0.9"
      ]
    }
  }
}
